PODS:
  - HyperioniOS/AttributesInspector (0.1.0)
  - HyperioniOS/Core (0.1.0)
  - HyperioniOS/Measurements (0.1.0)
  - HyperioniOS/SlowAnimations (0.1.0)

DEPENDENCIES:
  - HyperioniOS/AttributesInspector (from `../`)
  - HyperioniOS/Core (from `../`)
  - HyperioniOS/Measurements (from `../`)
  - HyperioniOS/SlowAnimations (from `../`)

EXTERNAL SOURCES:
  HyperioniOS:
    :path: "../"

SPEC CHECKSUMS:
  HyperioniOS: 0aacc12b71dac0fc09e269d0ea3be75470d032ac

PODFILE CHECKSUM: 5e57dfbc3b34f3e3e1575f0a897f12ade0110496

COCOAPODS: 1.2.1
