// !$*UTF8*$!
{
	archiveVersion = 1;
	classes = {
	};
	objectVersion = 46;
	objects = {

/* Begin PBXBuildFile section */
		329076421F1FFC6200D42286 /* (null) in Headers */ = {isa = PBXBuildFile; settings = {ATTRIBUTES = (Public, ); }; };
		329076441F226F5100D42286 /* (null) in Headers */ = {isa = PBXBuildFile; settings = {ATTRIBUTES = (Public, ); }; };
		329076461F2270F000D42286 /* (null) in Sources */ = {isa = PBXBuildFile; };
		32EA53471F27DA300012DFB6 /* HyperionCore.framework in Frameworks */ = {isa = PBXBuildFile; fileRef = 498E34741EFA0C8000A0BC4E /* HyperionCore.framework */; };
		32EA53481F27DA340012DFB6 /* HyperionCore.framework in Frameworks */ = {isa = PBXBuildFile; fileRef = 498E34741EFA0C8000A0BC4E /* HyperionCore.framework */; };
		32EA53491F27DA3A0012DFB6 /* HyperionCore.framework in Frameworks */ = {isa = PBXBuildFile; fileRef = 498E34741EFA0C8000A0BC4E /* HyperionCore.framework */; };
		32EA534A1F27DA3E0012DFB6 /* HyperionCore.framework in Frameworks */ = {isa = PBXBuildFile; fileRef = 498E34741EFA0C8000A0BC4E /* HyperionCore.framework */; };
		32EA534B1F27E1010012DFB6 /* HYPImpeccablePlugin.h in Headers */ = {isa = PBXBuildFile; fileRef = 493DCAD61F03F9E600EB5007 /* HYPImpeccablePlugin.h */; };
		32EA534C1F27E1010012DFB6 /* HYPImpeccablePlugin.m in Sources */ = {isa = PBXBuildFile; fileRef = 493DCAD71F03F9E600EB5007 /* HYPImpeccablePlugin.m */; };
		32EA534D1F27E1010012DFB6 /* HYPImpeccablePluginModule.h in Headers */ = {isa = PBXBuildFile; fileRef = 493DCADA1F03FA1900EB5007 /* HYPImpeccablePluginModule.h */; };
		32EA534E1F27E1010012DFB6 /* HYPImpeccablePluginModule.m in Sources */ = {isa = PBXBuildFile; fileRef = 493DCADB1F03FA1900EB5007 /* HYPImpeccablePluginModule.m */; };
		32EA534F1F27E1010012DFB6 /* HYPImpeccableOverlayView.h in Headers */ = {isa = PBXBuildFile; fileRef = 493DCADE1F0403E400EB5007 /* HYPImpeccableOverlayView.h */; };
		32EA53501F27E1010012DFB6 /* HYPImpeccableOverlayView.m in Sources */ = {isa = PBXBuildFile; fileRef = 493DCADF1F0403E400EB5007 /* HYPImpeccableOverlayView.m */; };
		32EA53511F27E1010012DFB6 /* HYPImpeccableZepAPIManager.h in Headers */ = {isa = PBXBuildFile; fileRef = 493DCAE21F0442EA00EB5007 /* HYPImpeccableZepAPIManager.h */; };
		32EA53521F27E1010012DFB6 /* HYPImpeccableZepAPIManager.m in Sources */ = {isa = PBXBuildFile; fileRef = 493DCAE31F0442EA00EB5007 /* HYPImpeccableZepAPIManager.m */; };
		32EA53531F27E1010012DFB6 /* HYPImpeccableSection.h in Headers */ = {isa = PBXBuildFile; fileRef = 493DCAE61F04430B00EB5007 /* HYPImpeccableSection.h */; };
		32EA53541F27E1010012DFB6 /* HYPImpeccableSection.m in Sources */ = {isa = PBXBuildFile; fileRef = 493DCAE71F04430B00EB5007 /* HYPImpeccableSection.m */; };
		32EA53551F27E1010012DFB6 /* HYPImpeccableAsset.h in Headers */ = {isa = PBXBuildFile; fileRef = 493DCAEA1F04431600EB5007 /* HYPImpeccableAsset.h */; };
		32EA53561F27E1010012DFB6 /* HYPImpeccableAsset.m in Sources */ = {isa = PBXBuildFile; fileRef = 493DCAEB1F04431600EB5007 /* HYPImpeccableAsset.m */; };
		32EA53571F27E1010012DFB6 /* HYPImpeccableZepPhotoPickerViewController.h in Headers */ = {isa = PBXBuildFile; fileRef = 493DCAEE1F04526E00EB5007 /* HYPImpeccableZepPhotoPickerViewController.h */; };
		32EA53581F27E1010012DFB6 /* HYPImpeccableZepPhotoPickerViewController.m in Sources */ = {isa = PBXBuildFile; fileRef = 493DCAEF1F04526E00EB5007 /* HYPImpeccableZepPhotoPickerViewController.m */; };
		32EA53591F27E1080012DFB6 /* HYPVisualLoggerPlugin.h in Headers */ = {isa = PBXBuildFile; fileRef = 493DCAC11F0200DB00EB5007 /* HYPVisualLoggerPlugin.h */; };
		32EA535A1F27E1080012DFB6 /* HYPVisualLoggerPlugin.m in Sources */ = {isa = PBXBuildFile; fileRef = 493DCAC21F0200DB00EB5007 /* HYPVisualLoggerPlugin.m */; };
		32EA535B1F27E1080012DFB6 /* HYPVisualLoggerPluginModule.h in Headers */ = {isa = PBXBuildFile; fileRef = 493DCAC51F02010A00EB5007 /* HYPVisualLoggerPluginModule.h */; };
		32EA535C1F27E1080012DFB6 /* HYPVisualLoggerPluginModule.m in Sources */ = {isa = PBXBuildFile; fileRef = 493DCAC61F02010A00EB5007 /* HYPVisualLoggerPluginModule.m */; };
		32EA535D1F27E1080012DFB6 /* HYPVisualLoggingManager.h in Headers */ = {isa = PBXBuildFile; fileRef = 493DCAC91F02034F00EB5007 /* HYPVisualLoggingManager.h */; };
		32EA535E1F27E1080012DFB6 /* HYPVisualLoggingManager.m in Sources */ = {isa = PBXBuildFile; fileRef = 493DCACA1F02034F00EB5007 /* HYPVisualLoggingManager.m */; };
		32EA535F1F27E1080012DFB6 /* HYPVisualLoggingContainerView.h in Headers */ = {isa = PBXBuildFile; fileRef = 493DCACD1F0206AC00EB5007 /* HYPVisualLoggingContainerView.h */; };
		32EA53601F27E1080012DFB6 /* HYPVisualLoggingContainerView.m in Sources */ = {isa = PBXBuildFile; fileRef = 493DCACE1F0206AC00EB5007 /* HYPVisualLoggingContainerView.m */; };
		32EA53611F27E1080012DFB6 /* HYPLogItemView.h in Headers */ = {isa = PBXBuildFile; fileRef = 493DCAD11F0206EB00EB5007 /* HYPLogItemView.h */; };
		32EA53621F27E1080012DFB6 /* HYPLogItemView.m in Sources */ = {isa = PBXBuildFile; fileRef = 493DCAD21F0206EB00EB5007 /* HYPLogItemView.m */; };
		32EA53631F27E10F0012DFB6 /* HYPMeasurementsInteractionView.h in Headers */ = {isa = PBXBuildFile; fileRef = 498E351E1EFA20CF00A0BC4E /* HYPMeasurementsInteractionView.h */; };
		32EA53641F27E10F0012DFB6 /* HYPMeasurementsInteractionView.m in Sources */ = {isa = PBXBuildFile; fileRef = 498E351F1EFA20CF00A0BC4E /* HYPMeasurementsInteractionView.m */; };
		32EA53651F27E10F0012DFB6 /* HYPMeasurementsPlugin.h in Headers */ = {isa = PBXBuildFile; fileRef = 498E35201EFA20CF00A0BC4E /* HYPMeasurementsPlugin.h */; };
		32EA53661F27E10F0012DFB6 /* HYPMeasurementsPlugin.m in Sources */ = {isa = PBXBuildFile; fileRef = 498E35211EFA20CF00A0BC4E /* HYPMeasurementsPlugin.m */; };
		32EA53671F27E10F0012DFB6 /* HYPMeasurementsPluginModule.h in Headers */ = {isa = PBXBuildFile; fileRef = 498E35221EFA20CF00A0BC4E /* HYPMeasurementsPluginModule.h */; };
		32EA53681F27E10F0012DFB6 /* HYPMeasurementsPluginModule.m in Sources */ = {isa = PBXBuildFile; fileRef = 498E35231EFA20CF00A0BC4E /* HYPMeasurementsPluginModule.m */; };
		32EA53691F27E11C0012DFB6 /* AttributesTabViewController.h in Headers */ = {isa = PBXBuildFile; fileRef = 498E352C1EFA20D800A0BC4E /* AttributesTabViewController.h */; };
		32EA536A1F27E11C0012DFB6 /* AttributesTabViewController.m in Sources */ = {isa = PBXBuildFile; fileRef = 498E352D1EFA20D800A0BC4E /* AttributesTabViewController.m */; };
		32EA536B1F27E11C0012DFB6 /* HYPFontPickerViewController.h in Headers */ = {isa = PBXBuildFile; fileRef = 498E352F1EFA20D800A0BC4E /* HYPFontPickerViewController.h */; };
		32EA536C1F27E11C0012DFB6 /* HYPFontPickerViewController.m in Sources */ = {isa = PBXBuildFile; fileRef = 498E35301EFA20D800A0BC4E /* HYPFontPickerViewController.m */; };
		32EA536D1F27E11C0012DFB6 /* HYPMaskDetailViewController.h in Headers */ = {isa = PBXBuildFile; fileRef = 498E35311EFA20D800A0BC4E /* HYPMaskDetailViewController.h */; };
		32EA536E1F27E11C0012DFB6 /* HYPMaskDetailViewController.m in Sources */ = {isa = PBXBuildFile; fileRef = 498E35321EFA20D800A0BC4E /* HYPMaskDetailViewController.m */; };
		32EA536F1F27E11C0012DFB6 /* ViewAttribute.h in Headers */ = {isa = PBXBuildFile; fileRef = 498E35331EFA20D800A0BC4E /* ViewAttribute.h */; };
		32EA53701F27E11C0012DFB6 /* ViewAttribute.m in Sources */ = {isa = PBXBuildFile; fileRef = 498E35341EFA20D800A0BC4E /* ViewAttribute.m */; };
		32EA53711F27E1220012DFB6 /* FontDetailViewAttribute.h in Headers */ = {isa = PBXBuildFile; fileRef = 498E35361EFA20D800A0BC4E /* FontDetailViewAttribute.h */; };
		32EA53721F27E1220012DFB6 /* FontDetailViewAttribute.m in Sources */ = {isa = PBXBuildFile; fileRef = 498E35371EFA20D800A0BC4E /* FontDetailViewAttribute.m */; };
		32EA53731F27E1220012DFB6 /* HYPMaskDetailViewAttribute.h in Headers */ = {isa = PBXBuildFile; fileRef = 498E35381EFA20D800A0BC4E /* HYPMaskDetailViewAttribute.h */; };
		32EA53741F27E1220012DFB6 /* HYPMaskDetailViewAttribute.m in Sources */ = {isa = PBXBuildFile; fileRef = 498E35391EFA20D800A0BC4E /* HYPMaskDetailViewAttribute.m */; };
		32EA53751F27E1220012DFB6 /* HYPAttributeInspectorInteractionView.h in Headers */ = {isa = PBXBuildFile; fileRef = 498E353A1EFA20D800A0BC4E /* HYPAttributeInspectorInteractionView.h */; };
		32EA53761F27E1220012DFB6 /* HYPAttributeInspectorInteractionView.m in Sources */ = {isa = PBXBuildFile; fileRef = 498E353B1EFA20D800A0BC4E /* HYPAttributeInspectorInteractionView.m */; };
		32EA53771F27E1220012DFB6 /* HYPAttributesInspectorPlugin.h in Headers */ = {isa = PBXBuildFile; fileRef = 498E353C1EFA20D800A0BC4E /* HYPAttributesInspectorPlugin.h */; };
		32EA53781F27E1220012DFB6 /* HYPAttributesInspectorPlugin.m in Sources */ = {isa = PBXBuildFile; fileRef = 498E353D1EFA20D800A0BC4E /* HYPAttributesInspectorPlugin.m */; };
		32EA53791F27E1220012DFB6 /* HYPAttributesInspectorPluginModule.h in Headers */ = {isa = PBXBuildFile; fileRef = 498E353E1EFA20D800A0BC4E /* HYPAttributesInspectorPluginModule.h */; };
		32EA537A1F27E1220012DFB6 /* HYPAttributesInspectorPluginModule.m in Sources */ = {isa = PBXBuildFile; fileRef = 498E353F1EFA20D800A0BC4E /* HYPAttributesInspectorPluginModule.m */; };
		493DCAB31F01714500EB5007 /* HYPOverlayViewProvider.h in Headers */ = {isa = PBXBuildFile; fileRef = 493DCAB21F01714500EB5007 /* HYPOverlayViewProvider.h */; settings = {ATTRIBUTES = (Public, ); }; };
		493DCABA1F01F93900EB5007 /* HYPInAppOverlayContainer.h in Headers */ = {isa = PBXBuildFile; fileRef = 493DCAB81F01F93900EB5007 /* HYPInAppOverlayContainer.h */; };
		493DCABB1F01F93900EB5007 /* HYPInAppOverlayContainer.m in Sources */ = {isa = PBXBuildFile; fileRef = 493DCAB91F01F93900EB5007 /* HYPInAppOverlayContainer.m */; };
		493DCABE1F01FBB800EB5007 /* HYPInAppDebuggingWindow.h in Headers */ = {isa = PBXBuildFile; fileRef = 493DCABC1F01FBB800EB5007 /* HYPInAppDebuggingWindow.h */; };
		493DCABF1F01FBB800EB5007 /* HYPInAppDebuggingWindow.m in Sources */ = {isa = PBXBuildFile; fileRef = 493DCABD1F01FBB800EB5007 /* HYPInAppDebuggingWindow.m */; };
		494A74DC1F278EB9003F89F7 /* SlowAnimations.h in Headers */ = {isa = PBXBuildFile; fileRef = 494A74DA1F278EB9003F89F7 /* SlowAnimations.h */; settings = {ATTRIBUTES = (Public, ); }; };
		494A74E01F278ED0003F89F7 /* HyperionCore.framework in Frameworks */ = {isa = PBXBuildFile; fileRef = 498E34741EFA0C8000A0BC4E /* HyperionCore.framework */; };
		494A74E11F278F08003F89F7 /* HYPSlowAnimationsPlugin.m in Sources */ = {isa = PBXBuildFile; fileRef = 498E35161EFA20BD00A0BC4E /* HYPSlowAnimationsPlugin.m */; };
		494A74E21F278F0C003F89F7 /* HYPSlowAnimationsPlugin.h in Headers */ = {isa = PBXBuildFile; fileRef = 498E35151EFA20BD00A0BC4E /* HYPSlowAnimationsPlugin.h */; };
		494A74E31F278F0F003F89F7 /* HYPSlowAnimationsPluginModule.h in Headers */ = {isa = PBXBuildFile; fileRef = 498E35171EFA20BD00A0BC4E /* HYPSlowAnimationsPluginModule.h */; };
		494A74E41F278F12003F89F7 /* HYPSlowAnimationsPluginModule.m in Sources */ = {isa = PBXBuildFile; fileRef = 498E35181EFA20BD00A0BC4E /* HYPSlowAnimationsPluginModule.m */; };
		498E34B71EFA0D4800A0BC4E /* Info.plist in Resources */ = {isa = PBXBuildFile; fileRef = 498E34B61EFA0D4800A0BC4E /* Info.plist */; };
		498E34D61EFA0D5700A0BC4E /* HYPDebuggingWindow.h in Headers */ = {isa = PBXBuildFile; fileRef = 498E34B91EFA0D5700A0BC4E /* HYPDebuggingWindow.h */; settings = {ATTRIBUTES = (Public, ); }; };
		498E34D71EFA0D5700A0BC4E /* HYPDebuggingWindow.m in Sources */ = {isa = PBXBuildFile; fileRef = 498E34BA1EFA0D5700A0BC4E /* HYPDebuggingWindow.m */; };
		498E34DA1EFA0D5700A0BC4E /* HyperionDependencies-Internal.plist in Resources */ = {isa = PBXBuildFile; fileRef = 498E34BD1EFA0D5700A0BC4E /* HyperionDependencies-Internal.plist */; };
		498E34DB1EFA0D5700A0BC4E /* HYPListenerContainer.h in Headers */ = {isa = PBXBuildFile; fileRef = 498E34BE1EFA0D5700A0BC4E /* HYPListenerContainer.h */; settings = {ATTRIBUTES = (Public, ); }; };
		498E34DC1EFA0D5700A0BC4E /* HYPListenerContainer.m in Sources */ = {isa = PBXBuildFile; fileRef = 498E34BF1EFA0D5700A0BC4E /* HYPListenerContainer.m */; };
		498E34DD1EFA0D5700A0BC4E /* HYPOverlayContainer.h in Headers */ = {isa = PBXBuildFile; fileRef = 498E34C01EFA0D5700A0BC4E /* HYPOverlayContainer.h */; settings = {ATTRIBUTES = (Public, ); }; };
		498E34DE1EFA0D5700A0BC4E /* HYPOverlayContainerImp.h in Headers */ = {isa = PBXBuildFile; fileRef = 498E34C11EFA0D5700A0BC4E /* HYPOverlayContainerImp.h */; };
		498E34DF1EFA0D5700A0BC4E /* HYPOverlayContainerImp.m in Sources */ = {isa = PBXBuildFile; fileRef = 498E34C21EFA0D5700A0BC4E /* HYPOverlayContainerImp.m */; };
		498E34E01EFA0D5700A0BC4E /* HYPPluginExtensionImp.h in Headers */ = {isa = PBXBuildFile; fileRef = 498E34C31EFA0D5700A0BC4E /* HYPPluginExtensionImp.h */; settings = {ATTRIBUTES = (Public, ); }; };
		498E34E11EFA0D5700A0BC4E /* HYPPluginExtensionImp.m in Sources */ = {isa = PBXBuildFile; fileRef = 498E34C41EFA0D5700A0BC4E /* HYPPluginExtensionImp.m */; };
		498E34E21EFA0D5700A0BC4E /* HYPPlugin.h in Headers */ = {isa = PBXBuildFile; fileRef = 498E34C61EFA0D5700A0BC4E /* HYPPlugin.h */; settings = {ATTRIBUTES = (Public, ); }; };
		498E34E31EFA0D5700A0BC4E /* HYPPluginExtension.h in Headers */ = {isa = PBXBuildFile; fileRef = 498E34C71EFA0D5700A0BC4E /* HYPPluginExtension.h */; settings = {ATTRIBUTES = (Public, ); }; };
		498E34E41EFA0D5700A0BC4E /* HYPPluginModule.h in Headers */ = {isa = PBXBuildFile; fileRef = 498E34C81EFA0D5700A0BC4E /* HYPPluginModule.h */; settings = {ATTRIBUTES = (Public, ); }; };
		498E34E51EFA0D5700A0BC4E /* HYPTargetView.h in Headers */ = {isa = PBXBuildFile; fileRef = 498E34C91EFA0D5700A0BC4E /* HYPTargetView.h */; settings = {ATTRIBUTES = (Public, ); }; };
		498E34E61EFA0D5700A0BC4E /* TabStack.h in Headers */ = {isa = PBXBuildFile; fileRef = 498E34CA1EFA0D5700A0BC4E /* TabStack.h */; };
		498E34E71EFA0D5700A0BC4E /* TabStack.m in Sources */ = {isa = PBXBuildFile; fileRef = 498E34CB1EFA0D5700A0BC4E /* TabStack.m */; };
		498E34E81EFA0D5700A0BC4E /* TabView.h in Headers */ = {isa = PBXBuildFile; fileRef = 498E34CC1EFA0D5700A0BC4E /* TabView.h */; };
		498E34E91EFA0D5700A0BC4E /* TabView.m in Sources */ = {isa = PBXBuildFile; fileRef = 498E34CD1EFA0D5700A0BC4E /* TabView.m */; };
		498E34EA1EFA0D5700A0BC4E /* InteractionView.h in Headers */ = {isa = PBXBuildFile; fileRef = 498E34CF1EFA0D5700A0BC4E /* InteractionView.h */; settings = {ATTRIBUTES = (Public, ); }; };
		498E34EB1EFA0D5700A0BC4E /* InteractionView.m in Sources */ = {isa = PBXBuildFile; fileRef = 498E34D01EFA0D5700A0BC4E /* InteractionView.m */; };
		498E34EC1EFA0D5700A0BC4E /* InteractionViewDatasource.h in Headers */ = {isa = PBXBuildFile; fileRef = 498E34D11EFA0D5700A0BC4E /* InteractionViewDatasource.h */; };
		498E34ED1EFA0D5700A0BC4E /* ToolsTabViewController.h in Headers */ = {isa = PBXBuildFile; fileRef = 498E34D41EFA0D5700A0BC4E /* ToolsTabViewController.h */; };
		498E34EE1EFA0D5700A0BC4E /* ToolsTabViewController.m in Sources */ = {isa = PBXBuildFile; fileRef = 498E34D51EFA0D5700A0BC4E /* ToolsTabViewController.m */; };
		498E34F01EFA0EA800A0BC4E /* HYPOverlayContainerListener.h in Headers */ = {isa = PBXBuildFile; fileRef = 498E34EF1EFA0EA800A0BC4E /* HYPOverlayContainerListener.h */; settings = {ATTRIBUTES = (Public, ); }; };
		498E34F21EFA0EB600A0BC4E /* HYPTargetViewListener.h in Headers */ = {isa = PBXBuildFile; fileRef = 498E34F11EFA0EB600A0BC4E /* HYPTargetViewListener.h */; settings = {ATTRIBUTES = (Public, ); }; };
		49C6B4DF1EFC6C6900345B78 /* HYPDebuggingOverlayViewController.h in Headers */ = {isa = PBXBuildFile; fileRef = 49C6B4DD1EFC6C6900345B78 /* HYPDebuggingOverlayViewController.h */; };
		49C6B4E01EFC6C6900345B78 /* HYPDebuggingOverlayViewController.m in Sources */ = {isa = PBXBuildFile; fileRef = 49C6B4DE1EFC6C6900345B78 /* HYPDebuggingOverlayViewController.m */; };
		49C6B4E31EFD9B1A00345B78 /* UIWindow+Swizzling.h in Headers */ = {isa = PBXBuildFile; fileRef = 49C6B4E11EFD9B1900345B78 /* UIWindow+Swizzling.h */; };
		49C6B4E41EFD9B1A00345B78 /* UIWindow+Swizzling.m in Sources */ = {isa = PBXBuildFile; fileRef = 49C6B4E21EFD9B1A00345B78 /* UIWindow+Swizzling.m */; };
/* End PBXBuildFile section */

/* Begin PBXFileReference section */
		320E5D361F2796EE00C42FC0 /* Impeccable.framework */ = {isa = PBXFileReference; explicitFileType = wrapper.framework; includeInIndex = 0; path = Impeccable.framework; sourceTree = BUILT_PRODUCTS_DIR; };
		320E5D381F2796EE00C42FC0 /* Impeccable.h */ = {isa = PBXFileReference; lastKnownFileType = sourcecode.c.h; path = Impeccable.h; sourceTree = "<group>"; };
		320E5D391F2796EE00C42FC0 /* Info.plist */ = {isa = PBXFileReference; lastKnownFileType = text.plist.xml; path = Info.plist; sourceTree = "<group>"; };
		320E5D521F27983F00C42FC0 /* VisualLogger.framework */ = {isa = PBXFileReference; explicitFileType = wrapper.framework; includeInIndex = 0; path = VisualLogger.framework; sourceTree = BUILT_PRODUCTS_DIR; };
		320E5D541F27983F00C42FC0 /* VisualLogger.h */ = {isa = PBXFileReference; lastKnownFileType = sourcecode.c.h; path = VisualLogger.h; sourceTree = "<group>"; };
		320E5D551F27983F00C42FC0 /* Info.plist */ = {isa = PBXFileReference; lastKnownFileType = text.plist.xml; path = Info.plist; sourceTree = "<group>"; };
		320E5D6A1F27988500C42FC0 /* Measurements.framework */ = {isa = PBXFileReference; explicitFileType = wrapper.framework; includeInIndex = 0; path = Measurements.framework; sourceTree = BUILT_PRODUCTS_DIR; };
		320E5D6C1F27988500C42FC0 /* Measurements.h */ = {isa = PBXFileReference; lastKnownFileType = sourcecode.c.h; path = Measurements.h; sourceTree = "<group>"; };
		320E5D6D1F27988500C42FC0 /* Info.plist */ = {isa = PBXFileReference; lastKnownFileType = text.plist.xml; path = Info.plist; sourceTree = "<group>"; };
		320E5D7E1F27991400C42FC0 /* AttributesInspector.framework */ = {isa = PBXFileReference; explicitFileType = wrapper.framework; includeInIndex = 0; path = AttributesInspector.framework; sourceTree = BUILT_PRODUCTS_DIR; };
		320E5D801F27991400C42FC0 /* AttributesInspector.h */ = {isa = PBXFileReference; lastKnownFileType = sourcecode.c.h; path = AttributesInspector.h; sourceTree = "<group>"; };
		320E5D811F27991400C42FC0 /* Info.plist */ = {isa = PBXFileReference; lastKnownFileType = text.plist.xml; path = Info.plist; sourceTree = "<group>"; };
		493DCAB21F01714500EB5007 /* HYPOverlayViewProvider.h */ = {isa = PBXFileReference; fileEncoding = 4; lastKnownFileType = sourcecode.c.h; path = HYPOverlayViewProvider.h; sourceTree = "<group>"; };
		493DCAB81F01F93900EB5007 /* HYPInAppOverlayContainer.h */ = {isa = PBXFileReference; fileEncoding = 4; lastKnownFileType = sourcecode.c.h; path = HYPInAppOverlayContainer.h; sourceTree = "<group>"; };
		493DCAB91F01F93900EB5007 /* HYPInAppOverlayContainer.m */ = {isa = PBXFileReference; fileEncoding = 4; lastKnownFileType = sourcecode.c.objc; path = HYPInAppOverlayContainer.m; sourceTree = "<group>"; };
		493DCABC1F01FBB800EB5007 /* HYPInAppDebuggingWindow.h */ = {isa = PBXFileReference; fileEncoding = 4; lastKnownFileType = sourcecode.c.h; path = HYPInAppDebuggingWindow.h; sourceTree = "<group>"; };
		493DCABD1F01FBB800EB5007 /* HYPInAppDebuggingWindow.m */ = {isa = PBXFileReference; fileEncoding = 4; lastKnownFileType = sourcecode.c.objc; path = HYPInAppDebuggingWindow.m; sourceTree = "<group>"; };
		493DCAC11F0200DB00EB5007 /* HYPVisualLoggerPlugin.h */ = {isa = PBXFileReference; fileEncoding = 4; lastKnownFileType = sourcecode.c.h; path = HYPVisualLoggerPlugin.h; sourceTree = "<group>"; };
		493DCAC21F0200DB00EB5007 /* HYPVisualLoggerPlugin.m */ = {isa = PBXFileReference; fileEncoding = 4; lastKnownFileType = sourcecode.c.objc; path = HYPVisualLoggerPlugin.m; sourceTree = "<group>"; };
		493DCAC51F02010A00EB5007 /* HYPVisualLoggerPluginModule.h */ = {isa = PBXFileReference; fileEncoding = 4; lastKnownFileType = sourcecode.c.h; path = HYPVisualLoggerPluginModule.h; sourceTree = "<group>"; };
		493DCAC61F02010A00EB5007 /* HYPVisualLoggerPluginModule.m */ = {isa = PBXFileReference; fileEncoding = 4; lastKnownFileType = sourcecode.c.objc; path = HYPVisualLoggerPluginModule.m; sourceTree = "<group>"; };
		493DCAC91F02034F00EB5007 /* HYPVisualLoggingManager.h */ = {isa = PBXFileReference; fileEncoding = 4; lastKnownFileType = sourcecode.c.h; path = HYPVisualLoggingManager.h; sourceTree = "<group>"; };
		493DCACA1F02034F00EB5007 /* HYPVisualLoggingManager.m */ = {isa = PBXFileReference; fileEncoding = 4; lastKnownFileType = sourcecode.c.objc; path = HYPVisualLoggingManager.m; sourceTree = "<group>"; };
		493DCACD1F0206AC00EB5007 /* HYPVisualLoggingContainerView.h */ = {isa = PBXFileReference; fileEncoding = 4; lastKnownFileType = sourcecode.c.h; path = HYPVisualLoggingContainerView.h; sourceTree = "<group>"; };
		493DCACE1F0206AC00EB5007 /* HYPVisualLoggingContainerView.m */ = {isa = PBXFileReference; fileEncoding = 4; lastKnownFileType = sourcecode.c.objc; path = HYPVisualLoggingContainerView.m; sourceTree = "<group>"; };
		493DCAD11F0206EB00EB5007 /* HYPLogItemView.h */ = {isa = PBXFileReference; fileEncoding = 4; lastKnownFileType = sourcecode.c.h; path = HYPLogItemView.h; sourceTree = "<group>"; };
		493DCAD21F0206EB00EB5007 /* HYPLogItemView.m */ = {isa = PBXFileReference; fileEncoding = 4; lastKnownFileType = sourcecode.c.objc; path = HYPLogItemView.m; sourceTree = "<group>"; };
		493DCAD61F03F9E600EB5007 /* HYPImpeccablePlugin.h */ = {isa = PBXFileReference; fileEncoding = 4; lastKnownFileType = sourcecode.c.h; path = HYPImpeccablePlugin.h; sourceTree = "<group>"; };
		493DCAD71F03F9E600EB5007 /* HYPImpeccablePlugin.m */ = {isa = PBXFileReference; fileEncoding = 4; lastKnownFileType = sourcecode.c.objc; path = HYPImpeccablePlugin.m; sourceTree = "<group>"; };
		493DCADA1F03FA1900EB5007 /* HYPImpeccablePluginModule.h */ = {isa = PBXFileReference; fileEncoding = 4; lastKnownFileType = sourcecode.c.h; path = HYPImpeccablePluginModule.h; sourceTree = "<group>"; };
		493DCADB1F03FA1900EB5007 /* HYPImpeccablePluginModule.m */ = {isa = PBXFileReference; fileEncoding = 4; lastKnownFileType = sourcecode.c.objc; path = HYPImpeccablePluginModule.m; sourceTree = "<group>"; };
		493DCADE1F0403E400EB5007 /* HYPImpeccableOverlayView.h */ = {isa = PBXFileReference; fileEncoding = 4; lastKnownFileType = sourcecode.c.h; path = HYPImpeccableOverlayView.h; sourceTree = "<group>"; };
		493DCADF1F0403E400EB5007 /* HYPImpeccableOverlayView.m */ = {isa = PBXFileReference; fileEncoding = 4; lastKnownFileType = sourcecode.c.objc; path = HYPImpeccableOverlayView.m; sourceTree = "<group>"; };
		493DCAE21F0442EA00EB5007 /* HYPImpeccableZepAPIManager.h */ = {isa = PBXFileReference; fileEncoding = 4; lastKnownFileType = sourcecode.c.h; path = HYPImpeccableZepAPIManager.h; sourceTree = "<group>"; };
		493DCAE31F0442EA00EB5007 /* HYPImpeccableZepAPIManager.m */ = {isa = PBXFileReference; fileEncoding = 4; lastKnownFileType = sourcecode.c.objc; path = HYPImpeccableZepAPIManager.m; sourceTree = "<group>"; };
		493DCAE61F04430B00EB5007 /* HYPImpeccableSection.h */ = {isa = PBXFileReference; fileEncoding = 4; lastKnownFileType = sourcecode.c.h; path = HYPImpeccableSection.h; sourceTree = "<group>"; };
		493DCAE71F04430B00EB5007 /* HYPImpeccableSection.m */ = {isa = PBXFileReference; fileEncoding = 4; lastKnownFileType = sourcecode.c.objc; path = HYPImpeccableSection.m; sourceTree = "<group>"; };
		493DCAEA1F04431600EB5007 /* HYPImpeccableAsset.h */ = {isa = PBXFileReference; fileEncoding = 4; lastKnownFileType = sourcecode.c.h; path = HYPImpeccableAsset.h; sourceTree = "<group>"; };
		493DCAEB1F04431600EB5007 /* HYPImpeccableAsset.m */ = {isa = PBXFileReference; fileEncoding = 4; lastKnownFileType = sourcecode.c.objc; path = HYPImpeccableAsset.m; sourceTree = "<group>"; };
		493DCAEE1F04526E00EB5007 /* HYPImpeccableZepPhotoPickerViewController.h */ = {isa = PBXFileReference; fileEncoding = 4; lastKnownFileType = sourcecode.c.h; path = HYPImpeccableZepPhotoPickerViewController.h; sourceTree = "<group>"; };
		493DCAEF1F04526E00EB5007 /* HYPImpeccableZepPhotoPickerViewController.m */ = {isa = PBXFileReference; fileEncoding = 4; lastKnownFileType = sourcecode.c.objc; path = HYPImpeccableZepPhotoPickerViewController.m; sourceTree = "<group>"; };
		494A74D81F278EB9003F89F7 /* SlowAnimations.framework */ = {isa = PBXFileReference; explicitFileType = wrapper.framework; includeInIndex = 0; path = SlowAnimations.framework; sourceTree = BUILT_PRODUCTS_DIR; };
		494A74DA1F278EB9003F89F7 /* SlowAnimations.h */ = {isa = PBXFileReference; lastKnownFileType = sourcecode.c.h; path = SlowAnimations.h; sourceTree = "<group>"; };
		494A74DB1F278EB9003F89F7 /* Info.plist */ = {isa = PBXFileReference; lastKnownFileType = text.plist.xml; path = Info.plist; sourceTree = "<group>"; };
		498E34741EFA0C8000A0BC4E /* HyperionCore.framework */ = {isa = PBXFileReference; explicitFileType = wrapper.framework; includeInIndex = 0; path = HyperionCore.framework; sourceTree = BUILT_PRODUCTS_DIR; };
		498E34B61EFA0D4800A0BC4E /* Info.plist */ = {isa = PBXFileReference; fileEncoding = 4; lastKnownFileType = text.plist.xml; path = Info.plist; sourceTree = "<group>"; };
		498E34B91EFA0D5700A0BC4E /* HYPDebuggingWindow.h */ = {isa = PBXFileReference; fileEncoding = 4; lastKnownFileType = sourcecode.c.h; path = HYPDebuggingWindow.h; sourceTree = "<group>"; };
		498E34BA1EFA0D5700A0BC4E /* HYPDebuggingWindow.m */ = {isa = PBXFileReference; fileEncoding = 4; lastKnownFileType = sourcecode.c.objc; path = HYPDebuggingWindow.m; sourceTree = "<group>"; };
		498E34BD1EFA0D5700A0BC4E /* HyperionDependencies-Internal.plist */ = {isa = PBXFileReference; fileEncoding = 4; lastKnownFileType = text.plist.xml; path = "HyperionDependencies-Internal.plist"; sourceTree = "<group>"; };
		498E34BE1EFA0D5700A0BC4E /* HYPListenerContainer.h */ = {isa = PBXFileReference; fileEncoding = 4; lastKnownFileType = sourcecode.c.h; path = HYPListenerContainer.h; sourceTree = "<group>"; };
		498E34BF1EFA0D5700A0BC4E /* HYPListenerContainer.m */ = {isa = PBXFileReference; fileEncoding = 4; lastKnownFileType = sourcecode.c.objc; path = HYPListenerContainer.m; sourceTree = "<group>"; };
		498E34C01EFA0D5700A0BC4E /* HYPOverlayContainer.h */ = {isa = PBXFileReference; fileEncoding = 4; lastKnownFileType = sourcecode.c.h; path = HYPOverlayContainer.h; sourceTree = "<group>"; };
		498E34C11EFA0D5700A0BC4E /* HYPOverlayContainerImp.h */ = {isa = PBXFileReference; fileEncoding = 4; lastKnownFileType = sourcecode.c.h; path = HYPOverlayContainerImp.h; sourceTree = "<group>"; };
		498E34C21EFA0D5700A0BC4E /* HYPOverlayContainerImp.m */ = {isa = PBXFileReference; fileEncoding = 4; lastKnownFileType = sourcecode.c.objc; path = HYPOverlayContainerImp.m; sourceTree = "<group>"; };
		498E34C31EFA0D5700A0BC4E /* HYPPluginExtensionImp.h */ = {isa = PBXFileReference; fileEncoding = 4; lastKnownFileType = sourcecode.c.h; path = HYPPluginExtensionImp.h; sourceTree = "<group>"; };
		498E34C41EFA0D5700A0BC4E /* HYPPluginExtensionImp.m */ = {isa = PBXFileReference; fileEncoding = 4; lastKnownFileType = sourcecode.c.objc; path = HYPPluginExtensionImp.m; sourceTree = "<group>"; };
		498E34C61EFA0D5700A0BC4E /* HYPPlugin.h */ = {isa = PBXFileReference; fileEncoding = 4; lastKnownFileType = sourcecode.c.h; path = HYPPlugin.h; sourceTree = "<group>"; };
		498E34C71EFA0D5700A0BC4E /* HYPPluginExtension.h */ = {isa = PBXFileReference; fileEncoding = 4; lastKnownFileType = sourcecode.c.h; path = HYPPluginExtension.h; sourceTree = "<group>"; };
		498E34C81EFA0D5700A0BC4E /* HYPPluginModule.h */ = {isa = PBXFileReference; fileEncoding = 4; lastKnownFileType = sourcecode.c.h; path = HYPPluginModule.h; sourceTree = "<group>"; };
		498E34C91EFA0D5700A0BC4E /* HYPTargetView.h */ = {isa = PBXFileReference; fileEncoding = 4; lastKnownFileType = sourcecode.c.h; path = HYPTargetView.h; sourceTree = "<group>"; };
		498E34CA1EFA0D5700A0BC4E /* TabStack.h */ = {isa = PBXFileReference; fileEncoding = 4; lastKnownFileType = sourcecode.c.h; path = TabStack.h; sourceTree = "<group>"; };
		498E34CB1EFA0D5700A0BC4E /* TabStack.m */ = {isa = PBXFileReference; fileEncoding = 4; lastKnownFileType = sourcecode.c.objc; path = TabStack.m; sourceTree = "<group>"; };
		498E34CC1EFA0D5700A0BC4E /* TabView.h */ = {isa = PBXFileReference; fileEncoding = 4; lastKnownFileType = sourcecode.c.h; path = TabView.h; sourceTree = "<group>"; };
		498E34CD1EFA0D5700A0BC4E /* TabView.m */ = {isa = PBXFileReference; fileEncoding = 4; lastKnownFileType = sourcecode.c.objc; path = TabView.m; sourceTree = "<group>"; };
		498E34CF1EFA0D5700A0BC4E /* InteractionView.h */ = {isa = PBXFileReference; fileEncoding = 4; lastKnownFileType = sourcecode.c.h; path = InteractionView.h; sourceTree = "<group>"; };
		498E34D01EFA0D5700A0BC4E /* InteractionView.m */ = {isa = PBXFileReference; fileEncoding = 4; lastKnownFileType = sourcecode.c.objc; path = InteractionView.m; sourceTree = "<group>"; };
		498E34D11EFA0D5700A0BC4E /* InteractionViewDatasource.h */ = {isa = PBXFileReference; fileEncoding = 4; lastKnownFileType = sourcecode.c.h; path = InteractionViewDatasource.h; sourceTree = "<group>"; };
		498E34D41EFA0D5700A0BC4E /* ToolsTabViewController.h */ = {isa = PBXFileReference; fileEncoding = 4; lastKnownFileType = sourcecode.c.h; path = ToolsTabViewController.h; sourceTree = "<group>"; };
		498E34D51EFA0D5700A0BC4E /* ToolsTabViewController.m */ = {isa = PBXFileReference; fileEncoding = 4; lastKnownFileType = sourcecode.c.objc; path = ToolsTabViewController.m; sourceTree = "<group>"; };
		498E34EF1EFA0EA800A0BC4E /* HYPOverlayContainerListener.h */ = {isa = PBXFileReference; fileEncoding = 4; lastKnownFileType = sourcecode.c.h; path = HYPOverlayContainerListener.h; sourceTree = "<group>"; };
		498E34F11EFA0EB600A0BC4E /* HYPTargetViewListener.h */ = {isa = PBXFileReference; fileEncoding = 4; lastKnownFileType = sourcecode.c.h; path = HYPTargetViewListener.h; sourceTree = "<group>"; };
		498E35151EFA20BD00A0BC4E /* HYPSlowAnimationsPlugin.h */ = {isa = PBXFileReference; fileEncoding = 4; lastKnownFileType = sourcecode.c.h; path = HYPSlowAnimationsPlugin.h; sourceTree = "<group>"; };
		498E35161EFA20BD00A0BC4E /* HYPSlowAnimationsPlugin.m */ = {isa = PBXFileReference; fileEncoding = 4; lastKnownFileType = sourcecode.c.objc; path = HYPSlowAnimationsPlugin.m; sourceTree = "<group>"; };
		498E35171EFA20BD00A0BC4E /* HYPSlowAnimationsPluginModule.h */ = {isa = PBXFileReference; fileEncoding = 4; lastKnownFileType = sourcecode.c.h; path = HYPSlowAnimationsPluginModule.h; sourceTree = "<group>"; };
		498E35181EFA20BD00A0BC4E /* HYPSlowAnimationsPluginModule.m */ = {isa = PBXFileReference; fileEncoding = 4; lastKnownFileType = sourcecode.c.objc; path = HYPSlowAnimationsPluginModule.m; sourceTree = "<group>"; };
		498E351E1EFA20CF00A0BC4E /* HYPMeasurementsInteractionView.h */ = {isa = PBXFileReference; fileEncoding = 4; lastKnownFileType = sourcecode.c.h; path = HYPMeasurementsInteractionView.h; sourceTree = "<group>"; };
		498E351F1EFA20CF00A0BC4E /* HYPMeasurementsInteractionView.m */ = {isa = PBXFileReference; fileEncoding = 4; lastKnownFileType = sourcecode.c.objc; path = HYPMeasurementsInteractionView.m; sourceTree = "<group>"; };
		498E35201EFA20CF00A0BC4E /* HYPMeasurementsPlugin.h */ = {isa = PBXFileReference; fileEncoding = 4; lastKnownFileType = sourcecode.c.h; path = HYPMeasurementsPlugin.h; sourceTree = "<group>"; };
		498E35211EFA20CF00A0BC4E /* HYPMeasurementsPlugin.m */ = {isa = PBXFileReference; fileEncoding = 4; lastKnownFileType = sourcecode.c.objc; path = HYPMeasurementsPlugin.m; sourceTree = "<group>"; };
		498E35221EFA20CF00A0BC4E /* HYPMeasurementsPluginModule.h */ = {isa = PBXFileReference; fileEncoding = 4; lastKnownFileType = sourcecode.c.h; path = HYPMeasurementsPluginModule.h; sourceTree = "<group>"; };
		498E35231EFA20CF00A0BC4E /* HYPMeasurementsPluginModule.m */ = {isa = PBXFileReference; fileEncoding = 4; lastKnownFileType = sourcecode.c.objc; path = HYPMeasurementsPluginModule.m; sourceTree = "<group>"; };
		498E352C1EFA20D800A0BC4E /* AttributesTabViewController.h */ = {isa = PBXFileReference; fileEncoding = 4; lastKnownFileType = sourcecode.c.h; path = AttributesTabViewController.h; sourceTree = "<group>"; };
		498E352D1EFA20D800A0BC4E /* AttributesTabViewController.m */ = {isa = PBXFileReference; fileEncoding = 4; lastKnownFileType = sourcecode.c.objc; path = AttributesTabViewController.m; sourceTree = "<group>"; };
		498E352F1EFA20D800A0BC4E /* HYPFontPickerViewController.h */ = {isa = PBXFileReference; fileEncoding = 4; lastKnownFileType = sourcecode.c.h; path = HYPFontPickerViewController.h; sourceTree = "<group>"; };
		498E35301EFA20D800A0BC4E /* HYPFontPickerViewController.m */ = {isa = PBXFileReference; fileEncoding = 4; lastKnownFileType = sourcecode.c.objc; path = HYPFontPickerViewController.m; sourceTree = "<group>"; };
		498E35311EFA20D800A0BC4E /* HYPMaskDetailViewController.h */ = {isa = PBXFileReference; fileEncoding = 4; lastKnownFileType = sourcecode.c.h; path = HYPMaskDetailViewController.h; sourceTree = "<group>"; };
		498E35321EFA20D800A0BC4E /* HYPMaskDetailViewController.m */ = {isa = PBXFileReference; fileEncoding = 4; lastKnownFileType = sourcecode.c.objc; path = HYPMaskDetailViewController.m; sourceTree = "<group>"; };
		498E35331EFA20D800A0BC4E /* ViewAttribute.h */ = {isa = PBXFileReference; fileEncoding = 4; lastKnownFileType = sourcecode.c.h; path = ViewAttribute.h; sourceTree = "<group>"; };
		498E35341EFA20D800A0BC4E /* ViewAttribute.m */ = {isa = PBXFileReference; fileEncoding = 4; lastKnownFileType = sourcecode.c.objc; path = ViewAttribute.m; sourceTree = "<group>"; };
		498E35361EFA20D800A0BC4E /* FontDetailViewAttribute.h */ = {isa = PBXFileReference; fileEncoding = 4; lastKnownFileType = sourcecode.c.h; path = FontDetailViewAttribute.h; sourceTree = "<group>"; };
		498E35371EFA20D800A0BC4E /* FontDetailViewAttribute.m */ = {isa = PBXFileReference; fileEncoding = 4; lastKnownFileType = sourcecode.c.objc; path = FontDetailViewAttribute.m; sourceTree = "<group>"; };
		498E35381EFA20D800A0BC4E /* HYPMaskDetailViewAttribute.h */ = {isa = PBXFileReference; fileEncoding = 4; lastKnownFileType = sourcecode.c.h; path = HYPMaskDetailViewAttribute.h; sourceTree = "<group>"; };
		498E35391EFA20D800A0BC4E /* HYPMaskDetailViewAttribute.m */ = {isa = PBXFileReference; fileEncoding = 4; lastKnownFileType = sourcecode.c.objc; path = HYPMaskDetailViewAttribute.m; sourceTree = "<group>"; };
		498E353A1EFA20D800A0BC4E /* HYPAttributeInspectorInteractionView.h */ = {isa = PBXFileReference; fileEncoding = 4; lastKnownFileType = sourcecode.c.h; path = HYPAttributeInspectorInteractionView.h; sourceTree = "<group>"; };
		498E353B1EFA20D800A0BC4E /* HYPAttributeInspectorInteractionView.m */ = {isa = PBXFileReference; fileEncoding = 4; lastKnownFileType = sourcecode.c.objc; path = HYPAttributeInspectorInteractionView.m; sourceTree = "<group>"; };
		498E353C1EFA20D800A0BC4E /* HYPAttributesInspectorPlugin.h */ = {isa = PBXFileReference; fileEncoding = 4; lastKnownFileType = sourcecode.c.h; path = HYPAttributesInspectorPlugin.h; sourceTree = "<group>"; };
		498E353D1EFA20D800A0BC4E /* HYPAttributesInspectorPlugin.m */ = {isa = PBXFileReference; fileEncoding = 4; lastKnownFileType = sourcecode.c.objc; path = HYPAttributesInspectorPlugin.m; sourceTree = "<group>"; };
		498E353E1EFA20D800A0BC4E /* HYPAttributesInspectorPluginModule.h */ = {isa = PBXFileReference; fileEncoding = 4; lastKnownFileType = sourcecode.c.h; path = HYPAttributesInspectorPluginModule.h; sourceTree = "<group>"; };
		498E353F1EFA20D800A0BC4E /* HYPAttributesInspectorPluginModule.m */ = {isa = PBXFileReference; fileEncoding = 4; lastKnownFileType = sourcecode.c.objc; path = HYPAttributesInspectorPluginModule.m; sourceTree = "<group>"; };
		49C6B4DD1EFC6C6900345B78 /* HYPDebuggingOverlayViewController.h */ = {isa = PBXFileReference; fileEncoding = 4; lastKnownFileType = sourcecode.c.h; path = HYPDebuggingOverlayViewController.h; sourceTree = "<group>"; };
		49C6B4DE1EFC6C6900345B78 /* HYPDebuggingOverlayViewController.m */ = {isa = PBXFileReference; fileEncoding = 4; lastKnownFileType = sourcecode.c.objc; path = HYPDebuggingOverlayViewController.m; sourceTree = "<group>"; };
		49C6B4E11EFD9B1900345B78 /* UIWindow+Swizzling.h */ = {isa = PBXFileReference; fileEncoding = 4; lastKnownFileType = sourcecode.c.h; path = "UIWindow+Swizzling.h"; sourceTree = "<group>"; };
		49C6B4E21EFD9B1A00345B78 /* UIWindow+Swizzling.m */ = {isa = PBXFileReference; fileEncoding = 4; lastKnownFileType = sourcecode.c.objc; path = "UIWindow+Swizzling.m"; sourceTree = "<group>"; };
/* End PBXFileReference section */

/* Begin PBXFrameworksBuildPhase section */
		320E5D321F2796EE00C42FC0 /* Frameworks */ = {
			isa = PBXFrameworksBuildPhase;
			buildActionMask = 2147483647;
			files = (
				32EA534A1F27DA3E0012DFB6 /* HyperionCore.framework in Frameworks */,
			);
			runOnlyForDeploymentPostprocessing = 0;
		};
		320E5D4E1F27983F00C42FC0 /* Frameworks */ = {
			isa = PBXFrameworksBuildPhase;
			buildActionMask = 2147483647;
			files = (
				32EA53491F27DA3A0012DFB6 /* HyperionCore.framework in Frameworks */,
			);
			runOnlyForDeploymentPostprocessing = 0;
		};
		320E5D661F27988500C42FC0 /* Frameworks */ = {
			isa = PBXFrameworksBuildPhase;
			buildActionMask = 2147483647;
			files = (
				32EA53481F27DA340012DFB6 /* HyperionCore.framework in Frameworks */,
			);
			runOnlyForDeploymentPostprocessing = 0;
		};
		320E5D7A1F27991400C42FC0 /* Frameworks */ = {
			isa = PBXFrameworksBuildPhase;
			buildActionMask = 2147483647;
			files = (
				32EA53471F27DA300012DFB6 /* HyperionCore.framework in Frameworks */,
			);
			runOnlyForDeploymentPostprocessing = 0;
		};
		494A74D41F278EB9003F89F7 /* Frameworks */ = {
			isa = PBXFrameworksBuildPhase;
			buildActionMask = 2147483647;
			files = (
				494A74E01F278ED0003F89F7 /* HyperionCore.framework in Frameworks */,
			);
			runOnlyForDeploymentPostprocessing = 0;
		};
		498E34701EFA0C8000A0BC4E /* Frameworks */ = {
			isa = PBXFrameworksBuildPhase;
			buildActionMask = 2147483647;
			files = (
			);
			runOnlyForDeploymentPostprocessing = 0;
		};
/* End PBXFrameworksBuildPhase section */

/* Begin PBXGroup section */
		320E5D371F2796EE00C42FC0 /* Impeccable */ = {
			isa = PBXGroup;
			children = (
				493DCAD51F03F44A00EB5007 /* Impeccable */,
				320E5D381F2796EE00C42FC0 /* Impeccable.h */,
				320E5D391F2796EE00C42FC0 /* Info.plist */,
			);
			path = Impeccable;
			sourceTree = "<group>";
		};
		320E5D531F27983F00C42FC0 /* VisualLogger */ = {
			isa = PBXGroup;
			children = (
				493DCAC01F02004200EB5007 /* VisualLogger */,
				320E5D541F27983F00C42FC0 /* VisualLogger.h */,
				320E5D551F27983F00C42FC0 /* Info.plist */,
			);
			path = VisualLogger;
			sourceTree = "<group>";
		};
		320E5D6B1F27988500C42FC0 /* Measurements */ = {
			isa = PBXGroup;
			children = (
				498E351D1EFA20CF00A0BC4E /* Measurements */,
				320E5D6C1F27988500C42FC0 /* Measurements.h */,
				320E5D6D1F27988500C42FC0 /* Info.plist */,
			);
			path = Measurements;
			sourceTree = "<group>";
		};
		320E5D7F1F27991400C42FC0 /* AttributesInspector */ = {
			isa = PBXGroup;
			children = (
				498E352A1EFA20D800A0BC4E /* AttributesInspector */,
				320E5D801F27991400C42FC0 /* AttributesInspector.h */,
				320E5D811F27991400C42FC0 /* Info.plist */,
			);
			path = AttributesInspector;
			sourceTree = "<group>";
		};
		493DCAC01F02004200EB5007 /* VisualLogger */ = {
			isa = PBXGroup;
			children = (
				493DCAC11F0200DB00EB5007 /* HYPVisualLoggerPlugin.h */,
				493DCAC21F0200DB00EB5007 /* HYPVisualLoggerPlugin.m */,
				493DCAC51F02010A00EB5007 /* HYPVisualLoggerPluginModule.h */,
				493DCAC61F02010A00EB5007 /* HYPVisualLoggerPluginModule.m */,
				493DCAC91F02034F00EB5007 /* HYPVisualLoggingManager.h */,
				493DCACA1F02034F00EB5007 /* HYPVisualLoggingManager.m */,
				493DCACD1F0206AC00EB5007 /* HYPVisualLoggingContainerView.h */,
				493DCACE1F0206AC00EB5007 /* HYPVisualLoggingContainerView.m */,
				493DCAD11F0206EB00EB5007 /* HYPLogItemView.h */,
				493DCAD21F0206EB00EB5007 /* HYPLogItemView.m */,
			);
			name = VisualLogger;
			path = ../../VisualLogger;
			sourceTree = "<group>";
		};
		493DCAD51F03F44A00EB5007 /* Impeccable */ = {
			isa = PBXGroup;
			children = (
				493DCAD61F03F9E600EB5007 /* HYPImpeccablePlugin.h */,
				493DCAD71F03F9E600EB5007 /* HYPImpeccablePlugin.m */,
				493DCADA1F03FA1900EB5007 /* HYPImpeccablePluginModule.h */,
				493DCADB1F03FA1900EB5007 /* HYPImpeccablePluginModule.m */,
				493DCADE1F0403E400EB5007 /* HYPImpeccableOverlayView.h */,
				493DCADF1F0403E400EB5007 /* HYPImpeccableOverlayView.m */,
				493DCAE21F0442EA00EB5007 /* HYPImpeccableZepAPIManager.h */,
				493DCAE31F0442EA00EB5007 /* HYPImpeccableZepAPIManager.m */,
				493DCAE61F04430B00EB5007 /* HYPImpeccableSection.h */,
				493DCAE71F04430B00EB5007 /* HYPImpeccableSection.m */,
				493DCAEA1F04431600EB5007 /* HYPImpeccableAsset.h */,
				493DCAEB1F04431600EB5007 /* HYPImpeccableAsset.m */,
				493DCAEE1F04526E00EB5007 /* HYPImpeccableZepPhotoPickerViewController.h */,
				493DCAEF1F04526E00EB5007 /* HYPImpeccableZepPhotoPickerViewController.m */,
			);
			name = Impeccable;
			path = ../../Impeccable;
			sourceTree = "<group>";
		};
		494A74D91F278EB9003F89F7 /* SlowAnimations */ = {
			isa = PBXGroup;
			children = (
				498E35141EFA20BD00A0BC4E /* SlowAnimations */,
				494A74DA1F278EB9003F89F7 /* SlowAnimations.h */,
				494A74DB1F278EB9003F89F7 /* Info.plist */,
			);
			path = SlowAnimations;
			sourceTree = "<group>";
		};
		498E346A1EFA0C8000A0BC4E = {
			isa = PBXGroup;
			children = (
				498E34761EFA0C8000A0BC4E /* HyperionCore */,
				494A74D91F278EB9003F89F7 /* SlowAnimations */,
				320E5D371F2796EE00C42FC0 /* Impeccable */,
				320E5D531F27983F00C42FC0 /* VisualLogger */,
				320E5D6B1F27988500C42FC0 /* Measurements */,
				320E5D7F1F27991400C42FC0 /* AttributesInspector */,
				498E34751EFA0C8000A0BC4E /* Products */,
			);
			sourceTree = "<group>";
		};
		498E34751EFA0C8000A0BC4E /* Products */ = {
			isa = PBXGroup;
			children = (
				498E34741EFA0C8000A0BC4E /* HyperionCore.framework */,
				494A74D81F278EB9003F89F7 /* SlowAnimations.framework */,
				320E5D361F2796EE00C42FC0 /* Impeccable.framework */,
				320E5D521F27983F00C42FC0 /* VisualLogger.framework */,
				320E5D6A1F27988500C42FC0 /* Measurements.framework */,
				320E5D7E1F27991400C42FC0 /* AttributesInspector.framework */,
			);
			name = Products;
			sourceTree = "<group>";
		};
		498E34761EFA0C8000A0BC4E /* HyperionCore */ = {
			isa = PBXGroup;
			children = (
				498E34B81EFA0D5700A0BC4E /* Core */,
				498E34B61EFA0D4800A0BC4E /* Info.plist */,
			);
			path = HyperionCore;
			sourceTree = "<group>";
		};
		498E34B81EFA0D5700A0BC4E /* Core */ = {
			isa = PBXGroup;
			children = (
				49C6B4DD1EFC6C6900345B78 /* HYPDebuggingOverlayViewController.h */,
				49C6B4DE1EFC6C6900345B78 /* HYPDebuggingOverlayViewController.m */,
				49C6B4E11EFD9B1900345B78 /* UIWindow+Swizzling.h */,
				49C6B4E21EFD9B1A00345B78 /* UIWindow+Swizzling.m */,
				498E34B91EFA0D5700A0BC4E /* HYPDebuggingWindow.h */,
				498E34BA1EFA0D5700A0BC4E /* HYPDebuggingWindow.m */,
				493DCABC1F01FBB800EB5007 /* HYPInAppDebuggingWindow.h */,
				493DCABD1F01FBB800EB5007 /* HYPInAppDebuggingWindow.m */,
				498E34BD1EFA0D5700A0BC4E /* HyperionDependencies-Internal.plist */,
				498E34BE1EFA0D5700A0BC4E /* HYPListenerContainer.h */,
				498E34BF1EFA0D5700A0BC4E /* HYPListenerContainer.m */,
				498E34EF1EFA0EA800A0BC4E /* HYPOverlayContainerListener.h */,
				498E34C01EFA0D5700A0BC4E /* HYPOverlayContainer.h */,
				498E34C11EFA0D5700A0BC4E /* HYPOverlayContainerImp.h */,
				498E34C21EFA0D5700A0BC4E /* HYPOverlayContainerImp.m */,
				493DCAB81F01F93900EB5007 /* HYPInAppOverlayContainer.h */,
				493DCAB91F01F93900EB5007 /* HYPInAppOverlayContainer.m */,
				498E34C31EFA0D5700A0BC4E /* HYPPluginExtensionImp.h */,
				498E34C41EFA0D5700A0BC4E /* HYPPluginExtensionImp.m */,
				498E34F11EFA0EB600A0BC4E /* HYPTargetViewListener.h */,
				498E34C51EFA0D5700A0BC4E /* Plugin */,
				498E34CA1EFA0D5700A0BC4E /* TabStack.h */,
				498E34CB1EFA0D5700A0BC4E /* TabStack.m */,
				498E34CC1EFA0D5700A0BC4E /* TabView.h */,
				498E34CD1EFA0D5700A0BC4E /* TabView.m */,
				498E34CE1EFA0D5700A0BC4E /* Tools */,
			);
			name = Core;
			path = ../../Core;
			sourceTree = "<group>";
		};
		498E34C51EFA0D5700A0BC4E /* Plugin */ = {
			isa = PBXGroup;
			children = (
				498E34C61EFA0D5700A0BC4E /* HYPPlugin.h */,
				498E34C71EFA0D5700A0BC4E /* HYPPluginExtension.h */,
				498E34C81EFA0D5700A0BC4E /* HYPPluginModule.h */,
				498E34C91EFA0D5700A0BC4E /* HYPTargetView.h */,
				493DCAB21F01714500EB5007 /* HYPOverlayViewProvider.h */,
			);
			path = Plugin;
			sourceTree = "<group>";
		};
		498E34CE1EFA0D5700A0BC4E /* Tools */ = {
			isa = PBXGroup;
			children = (
				498E34CF1EFA0D5700A0BC4E /* InteractionView.h */,
				498E34D01EFA0D5700A0BC4E /* InteractionView.m */,
				498E34D11EFA0D5700A0BC4E /* InteractionViewDatasource.h */,
				498E34D21EFA0D5700A0BC4E /* Slow Animations */,
				498E34D31EFA0D5700A0BC4E /* Tool Generators */,
				498E34D41EFA0D5700A0BC4E /* ToolsTabViewController.h */,
				498E34D51EFA0D5700A0BC4E /* ToolsTabViewController.m */,
			);
			path = Tools;
			sourceTree = "<group>";
		};
		498E34D21EFA0D5700A0BC4E /* Slow Animations */ = {
			isa = PBXGroup;
			children = (
			);
			path = "Slow Animations";
			sourceTree = "<group>";
		};
		498E34D31EFA0D5700A0BC4E /* Tool Generators */ = {
			isa = PBXGroup;
			children = (
			);
			path = "Tool Generators";
			sourceTree = "<group>";
		};
		498E35141EFA20BD00A0BC4E /* SlowAnimations */ = {
			isa = PBXGroup;
			children = (
				498E35151EFA20BD00A0BC4E /* HYPSlowAnimationsPlugin.h */,
				498E35161EFA20BD00A0BC4E /* HYPSlowAnimationsPlugin.m */,
				498E35171EFA20BD00A0BC4E /* HYPSlowAnimationsPluginModule.h */,
				498E35181EFA20BD00A0BC4E /* HYPSlowAnimationsPluginModule.m */,
			);
			name = SlowAnimations;
			path = ../../SlowAnimations;
			sourceTree = "<group>";
		};
		498E351D1EFA20CF00A0BC4E /* Measurements */ = {
			isa = PBXGroup;
			children = (
				498E351E1EFA20CF00A0BC4E /* HYPMeasurementsInteractionView.h */,
				498E351F1EFA20CF00A0BC4E /* HYPMeasurementsInteractionView.m */,
				498E35201EFA20CF00A0BC4E /* HYPMeasurementsPlugin.h */,
				498E35211EFA20CF00A0BC4E /* HYPMeasurementsPlugin.m */,
				498E35221EFA20CF00A0BC4E /* HYPMeasurementsPluginModule.h */,
				498E35231EFA20CF00A0BC4E /* HYPMeasurementsPluginModule.m */,
			);
			name = Measurements;
			path = ../../Measurements;
			sourceTree = "<group>";
		};
		498E352A1EFA20D800A0BC4E /* AttributesInspector */ = {
			isa = PBXGroup;
			children = (
				498E352B1EFA20D800A0BC4E /* AttributesViewer */,
				498E353A1EFA20D800A0BC4E /* HYPAttributeInspectorInteractionView.h */,
				498E353B1EFA20D800A0BC4E /* HYPAttributeInspectorInteractionView.m */,
				498E353C1EFA20D800A0BC4E /* HYPAttributesInspectorPlugin.h */,
				498E353D1EFA20D800A0BC4E /* HYPAttributesInspectorPlugin.m */,
				498E353E1EFA20D800A0BC4E /* HYPAttributesInspectorPluginModule.h */,
				498E353F1EFA20D800A0BC4E /* HYPAttributesInspectorPluginModule.m */,
			);
			name = AttributesInspector;
			path = ../../AttributesInspector;
			sourceTree = "<group>";
		};
		498E352B1EFA20D800A0BC4E /* AttributesViewer */ = {
			isa = PBXGroup;
			children = (
				498E352C1EFA20D800A0BC4E /* AttributesTabViewController.h */,
				498E352D1EFA20D800A0BC4E /* AttributesTabViewController.m */,
				498E352E1EFA20D800A0BC4E /* DetailViewControllers */,
				498E35331EFA20D800A0BC4E /* ViewAttribute.h */,
				498E35341EFA20D800A0BC4E /* ViewAttribute.m */,
				498E35351EFA20D800A0BC4E /* ViewAttributes */,
			);
			path = AttributesViewer;
			sourceTree = "<group>";
		};
		498E352E1EFA20D800A0BC4E /* DetailViewControllers */ = {
			isa = PBXGroup;
			children = (
				498E352F1EFA20D800A0BC4E /* HYPFontPickerViewController.h */,
				498E35301EFA20D800A0BC4E /* HYPFontPickerViewController.m */,
				498E35311EFA20D800A0BC4E /* HYPMaskDetailViewController.h */,
				498E35321EFA20D800A0BC4E /* HYPMaskDetailViewController.m */,
			);
			path = DetailViewControllers;
			sourceTree = "<group>";
		};
		498E35351EFA20D800A0BC4E /* ViewAttributes */ = {
			isa = PBXGroup;
			children = (
				498E35361EFA20D800A0BC4E /* FontDetailViewAttribute.h */,
				498E35371EFA20D800A0BC4E /* FontDetailViewAttribute.m */,
				498E35381EFA20D800A0BC4E /* HYPMaskDetailViewAttribute.h */,
				498E35391EFA20D800A0BC4E /* HYPMaskDetailViewAttribute.m */,
			);
			path = ViewAttributes;
			sourceTree = "<group>";
		};
/* End PBXGroup section */

/* Begin PBXHeadersBuildPhase section */
		320E5D331F2796EE00C42FC0 /* Headers */ = {
			isa = PBXHeadersBuildPhase;
			buildActionMask = 2147483647;
			files = (
				32EA53571F27E1010012DFB6 /* HYPImpeccableZepPhotoPickerViewController.h in Headers */,
				32EA53511F27E1010012DFB6 /* HYPImpeccableZepAPIManager.h in Headers */,
				32EA534D1F27E1010012DFB6 /* HYPImpeccablePluginModule.h in Headers */,
				32EA53551F27E1010012DFB6 /* HYPImpeccableAsset.h in Headers */,
				32EA53531F27E1010012DFB6 /* HYPImpeccableSection.h in Headers */,
				32EA534B1F27E1010012DFB6 /* HYPImpeccablePlugin.h in Headers */,
				32EA534F1F27E1010012DFB6 /* HYPImpeccableOverlayView.h in Headers */,
			);
			runOnlyForDeploymentPostprocessing = 0;
		};
		320E5D4F1F27983F00C42FC0 /* Headers */ = {
			isa = PBXHeadersBuildPhase;
			buildActionMask = 2147483647;
			files = (
				32EA53611F27E1080012DFB6 /* HYPLogItemView.h in Headers */,
				32EA53591F27E1080012DFB6 /* HYPVisualLoggerPlugin.h in Headers */,
				32EA535B1F27E1080012DFB6 /* HYPVisualLoggerPluginModule.h in Headers */,
				32EA535D1F27E1080012DFB6 /* HYPVisualLoggingManager.h in Headers */,
				32EA535F1F27E1080012DFB6 /* HYPVisualLoggingContainerView.h in Headers */,
			);
			runOnlyForDeploymentPostprocessing = 0;
		};
		320E5D671F27988500C42FC0 /* Headers */ = {
			isa = PBXHeadersBuildPhase;
			buildActionMask = 2147483647;
			files = (
				32EA53651F27E10F0012DFB6 /* HYPMeasurementsPlugin.h in Headers */,
				32EA53671F27E10F0012DFB6 /* HYPMeasurementsPluginModule.h in Headers */,
				32EA53631F27E10F0012DFB6 /* HYPMeasurementsInteractionView.h in Headers */,
			);
			runOnlyForDeploymentPostprocessing = 0;
		};
		320E5D7B1F27991400C42FC0 /* Headers */ = {
			isa = PBXHeadersBuildPhase;
			buildActionMask = 2147483647;
			files = (
				32EA53711F27E1220012DFB6 /* FontDetailViewAttribute.h in Headers */,
				32EA536F1F27E11C0012DFB6 /* ViewAttribute.h in Headers */,
				32EA53771F27E1220012DFB6 /* HYPAttributesInspectorPlugin.h in Headers */,
				32EA536B1F27E11C0012DFB6 /* HYPFontPickerViewController.h in Headers */,
				32EA53731F27E1220012DFB6 /* HYPMaskDetailViewAttribute.h in Headers */,
				32EA53691F27E11C0012DFB6 /* AttributesTabViewController.h in Headers */,
				32EA536D1F27E11C0012DFB6 /* HYPMaskDetailViewController.h in Headers */,
				32EA53791F27E1220012DFB6 /* HYPAttributesInspectorPluginModule.h in Headers */,
				32EA53751F27E1220012DFB6 /* HYPAttributeInspectorInteractionView.h in Headers */,
			);
			runOnlyForDeploymentPostprocessing = 0;
		};
		494A74D51F278EB9003F89F7 /* Headers */ = {
			isa = PBXHeadersBuildPhase;
			buildActionMask = 2147483647;
			files = (
				494A74DC1F278EB9003F89F7 /* SlowAnimations.h in Headers */,
				494A74E21F278F0C003F89F7 /* HYPSlowAnimationsPlugin.h in Headers */,
				494A74E31F278F0F003F89F7 /* HYPSlowAnimationsPluginModule.h in Headers */,
			);
			runOnlyForDeploymentPostprocessing = 0;
		};
		498E34711EFA0C8000A0BC4E /* Headers */ = {
			isa = PBXHeadersBuildPhase;
			buildActionMask = 2147483647;
			files = (
				493DCAB31F01714500EB5007 /* HYPOverlayViewProvider.h in Headers */,
				329076421F1FFC6200D42286 /* (null) in Headers */,
				498E34E01EFA0D5700A0BC4E /* HYPPluginExtensionImp.h in Headers */,
				498E34F21EFA0EB600A0BC4E /* HYPTargetViewListener.h in Headers */,
				498E34E21EFA0D5700A0BC4E /* HYPPlugin.h in Headers */,
				498E34E51EFA0D5700A0BC4E /* HYPTargetView.h in Headers */,
				498E34D61EFA0D5700A0BC4E /* HYPDebuggingWindow.h in Headers */,
				49C6B4DF1EFC6C6900345B78 /* HYPDebuggingOverlayViewController.h in Headers */,
				498E34DD1EFA0D5700A0BC4E /* HYPOverlayContainer.h in Headers */,
				498E34EA1EFA0D5700A0BC4E /* InteractionView.h in Headers */,
				498E34E41EFA0D5700A0BC4E /* HYPPluginModule.h in Headers */,
				498E34DB1EFA0D5700A0BC4E /* HYPListenerContainer.h in Headers */,
				493DCABE1F01FBB800EB5007 /* HYPInAppDebuggingWindow.h in Headers */,
				498E34F01EFA0EA800A0BC4E /* HYPOverlayContainerListener.h in Headers */,
				498E34E31EFA0D5700A0BC4E /* HYPPluginExtension.h in Headers */,
				498E34ED1EFA0D5700A0BC4E /* ToolsTabViewController.h in Headers */,
				498E34EC1EFA0D5700A0BC4E /* InteractionViewDatasource.h in Headers */,
				498E34DE1EFA0D5700A0BC4E /* HYPOverlayContainerImp.h in Headers */,
				498E34E61EFA0D5700A0BC4E /* TabStack.h in Headers */,
				49C6B4E31EFD9B1A00345B78 /* UIWindow+Swizzling.h in Headers */,
				329076441F226F5100D42286 /* (null) in Headers */,
				498E34E81EFA0D5700A0BC4E /* TabView.h in Headers */,
				493DCABA1F01F93900EB5007 /* HYPInAppOverlayContainer.h in Headers */,
			);
			runOnlyForDeploymentPostprocessing = 0;
		};
/* End PBXHeadersBuildPhase section */

/* Begin PBXNativeTarget section */
		320E5D351F2796EE00C42FC0 /* Impeccable */ = {
			isa = PBXNativeTarget;
			buildConfigurationList = 320E5D3D1F2796EE00C42FC0 /* Build configuration list for PBXNativeTarget "Impeccable" */;
			buildPhases = (
				320E5D311F2796EE00C42FC0 /* Sources */,
				320E5D321F2796EE00C42FC0 /* Frameworks */,
				320E5D331F2796EE00C42FC0 /* Headers */,
				320E5D341F2796EE00C42FC0 /* Resources */,
			);
			buildRules = (
			);
			dependencies = (
			);
			name = Impeccable;
			productName = Impeccable;
			productReference = 320E5D361F2796EE00C42FC0 /* Impeccable.framework */;
			productType = "com.apple.product-type.framework";
		};
		320E5D511F27983F00C42FC0 /* VisualLogger */ = {
			isa = PBXNativeTarget;
			buildConfigurationList = 320E5D571F27983F00C42FC0 /* Build configuration list for PBXNativeTarget "VisualLogger" */;
			buildPhases = (
				320E5D4D1F27983F00C42FC0 /* Sources */,
				320E5D4E1F27983F00C42FC0 /* Frameworks */,
				320E5D4F1F27983F00C42FC0 /* Headers */,
				320E5D501F27983F00C42FC0 /* Resources */,
			);
			buildRules = (
			);
			dependencies = (
			);
			name = VisualLogger;
			productName = VisualLogger;
			productReference = 320E5D521F27983F00C42FC0 /* VisualLogger.framework */;
			productType = "com.apple.product-type.framework";
		};
		320E5D691F27988500C42FC0 /* Measurements */ = {
			isa = PBXNativeTarget;
			buildConfigurationList = 320E5D6F1F27988500C42FC0 /* Build configuration list for PBXNativeTarget "Measurements" */;
			buildPhases = (
				320E5D651F27988500C42FC0 /* Sources */,
				320E5D661F27988500C42FC0 /* Frameworks */,
				320E5D671F27988500C42FC0 /* Headers */,
				320E5D681F27988500C42FC0 /* Resources */,
			);
			buildRules = (
			);
			dependencies = (
			);
			name = Measurements;
			productName = Measurements;
			productReference = 320E5D6A1F27988500C42FC0 /* Measurements.framework */;
			productType = "com.apple.product-type.framework";
		};
		320E5D7D1F27991400C42FC0 /* AttributesInspector */ = {
			isa = PBXNativeTarget;
			buildConfigurationList = 320E5D831F27991400C42FC0 /* Build configuration list for PBXNativeTarget "AttributesInspector" */;
			buildPhases = (
				320E5D791F27991400C42FC0 /* Sources */,
				320E5D7A1F27991400C42FC0 /* Frameworks */,
				320E5D7B1F27991400C42FC0 /* Headers */,
				320E5D7C1F27991400C42FC0 /* Resources */,
			);
			buildRules = (
			);
			dependencies = (
			);
			name = AttributesInspector;
			productName = AttributesInspector;
			productReference = 320E5D7E1F27991400C42FC0 /* AttributesInspector.framework */;
			productType = "com.apple.product-type.framework";
		};
		494A74D71F278EB9003F89F7 /* SlowAnimations */ = {
			isa = PBXNativeTarget;
			buildConfigurationList = 494A74DF1F278EB9003F89F7 /* Build configuration list for PBXNativeTarget "SlowAnimations" */;
			buildPhases = (
				494A74D31F278EB9003F89F7 /* Sources */,
				494A74D41F278EB9003F89F7 /* Frameworks */,
				494A74D51F278EB9003F89F7 /* Headers */,
				494A74D61F278EB9003F89F7 /* Resources */,
			);
			buildRules = (
			);
			dependencies = (
			);
			name = SlowAnimations;
			productName = SlowAnimations;
			productReference = 494A74D81F278EB9003F89F7 /* SlowAnimations.framework */;
			productType = "com.apple.product-type.framework";
		};
		498E34731EFA0C8000A0BC4E /* HyperionCore */ = {
			isa = PBXNativeTarget;
			buildConfigurationList = 498E347C1EFA0C8000A0BC4E /* Build configuration list for PBXNativeTarget "HyperionCore" */;
			buildPhases = (
				498E346F1EFA0C8000A0BC4E /* Sources */,
				498E34701EFA0C8000A0BC4E /* Frameworks */,
				498E34711EFA0C8000A0BC4E /* Headers */,
				498E34721EFA0C8000A0BC4E /* Resources */,
			);
			buildRules = (
			);
			dependencies = (
			);
			name = HyperionCore;
			productName = HyperionCore;
			productReference = 498E34741EFA0C8000A0BC4E /* HyperionCore.framework */;
			productType = "com.apple.product-type.framework";
		};
/* End PBXNativeTarget section */

/* Begin PBXProject section */
		498E346B1EFA0C8000A0BC4E /* Project object */ = {
			isa = PBXProject;
			attributes = {
				LastUpgradeCheck = 0830;
				ORGANIZATIONNAME = WillowTree;
				TargetAttributes = {
					320E5D351F2796EE00C42FC0 = {
						CreatedOnToolsVersion = 8.3.3;
						ProvisioningStyle = Automatic;
					};
					320E5D511F27983F00C42FC0 = {
						CreatedOnToolsVersion = 8.3.3;
						ProvisioningStyle = Automatic;
					};
					320E5D691F27988500C42FC0 = {
						CreatedOnToolsVersion = 8.3.3;
						ProvisioningStyle = Automatic;
					};
					320E5D7D1F27991400C42FC0 = {
						CreatedOnToolsVersion = 8.3.3;
						ProvisioningStyle = Automatic;
					};
					494A74D71F278EB9003F89F7 = {
						CreatedOnToolsVersion = 8.3.2;
						ProvisioningStyle = Automatic;
					};
					498E34731EFA0C8000A0BC4E = {
						CreatedOnToolsVersion = 8.3.2;
						ProvisioningStyle = Automatic;
					};
				};
			};
			buildConfigurationList = 498E346E1EFA0C8000A0BC4E /* Build configuration list for PBXProject "HyperionCore" */;
			compatibilityVersion = "Xcode 3.2";
			developmentRegion = English;
			hasScannedForEncodings = 0;
			knownRegions = (
				en,
			);
			mainGroup = 498E346A1EFA0C8000A0BC4E;
			productRefGroup = 498E34751EFA0C8000A0BC4E /* Products */;
			projectDirPath = "";
			projectRoot = "";
			targets = (
				498E34731EFA0C8000A0BC4E /* HyperionCore */,
				494A74D71F278EB9003F89F7 /* SlowAnimations */,
				320E5D351F2796EE00C42FC0 /* Impeccable */,
				320E5D511F27983F00C42FC0 /* VisualLogger */,
				320E5D691F27988500C42FC0 /* Measurements */,
				320E5D7D1F27991400C42FC0 /* AttributesInspector */,
			);
		};
/* End PBXProject section */

/* Begin PBXResourcesBuildPhase section */
		320E5D341F2796EE00C42FC0 /* Resources */ = {
			isa = PBXResourcesBuildPhase;
			buildActionMask = 2147483647;
			files = (
			);
			runOnlyForDeploymentPostprocessing = 0;
		};
		320E5D501F27983F00C42FC0 /* Resources */ = {
			isa = PBXResourcesBuildPhase;
			buildActionMask = 2147483647;
			files = (
			);
			runOnlyForDeploymentPostprocessing = 0;
		};
		320E5D681F27988500C42FC0 /* Resources */ = {
			isa = PBXResourcesBuildPhase;
			buildActionMask = 2147483647;
			files = (
			);
			runOnlyForDeploymentPostprocessing = 0;
		};
		320E5D7C1F27991400C42FC0 /* Resources */ = {
			isa = PBXResourcesBuildPhase;
			buildActionMask = 2147483647;
			files = (
			);
			runOnlyForDeploymentPostprocessing = 0;
		};
		494A74D61F278EB9003F89F7 /* Resources */ = {
			isa = PBXResourcesBuildPhase;
			buildActionMask = 2147483647;
			files = (
			);
			runOnlyForDeploymentPostprocessing = 0;
		};
		498E34721EFA0C8000A0BC4E /* Resources */ = {
			isa = PBXResourcesBuildPhase;
			buildActionMask = 2147483647;
			files = (
				498E34DA1EFA0D5700A0BC4E /* HyperionDependencies-Internal.plist in Resources */,
				498E34B71EFA0D4800A0BC4E /* Info.plist in Resources */,
			);
			runOnlyForDeploymentPostprocessing = 0;
		};
/* End PBXResourcesBuildPhase section */

/* Begin PBXSourcesBuildPhase section */
		320E5D311F2796EE00C42FC0 /* Sources */ = {
			isa = PBXSourcesBuildPhase;
			buildActionMask = 2147483647;
			files = (
				32EA53501F27E1010012DFB6 /* HYPImpeccableOverlayView.m in Sources */,
				32EA53521F27E1010012DFB6 /* HYPImpeccableZepAPIManager.m in Sources */,
				32EA53541F27E1010012DFB6 /* HYPImpeccableSection.m in Sources */,
				32EA53561F27E1010012DFB6 /* HYPImpeccableAsset.m in Sources */,
				32EA53581F27E1010012DFB6 /* HYPImpeccableZepPhotoPickerViewController.m in Sources */,
				32EA534C1F27E1010012DFB6 /* HYPImpeccablePlugin.m in Sources */,
				32EA534E1F27E1010012DFB6 /* HYPImpeccablePluginModule.m in Sources */,
			);
			runOnlyForDeploymentPostprocessing = 0;
		};
		320E5D4D1F27983F00C42FC0 /* Sources */ = {
			isa = PBXSourcesBuildPhase;
			buildActionMask = 2147483647;
			files = (
				32EA53621F27E1080012DFB6 /* HYPLogItemView.m in Sources */,
				32EA53601F27E1080012DFB6 /* HYPVisualLoggingContainerView.m in Sources */,
				32EA535C1F27E1080012DFB6 /* HYPVisualLoggerPluginModule.m in Sources */,
				32EA535A1F27E1080012DFB6 /* HYPVisualLoggerPlugin.m in Sources */,
				32EA535E1F27E1080012DFB6 /* HYPVisualLoggingManager.m in Sources */,
			);
			runOnlyForDeploymentPostprocessing = 0;
		};
		320E5D651F27988500C42FC0 /* Sources */ = {
			isa = PBXSourcesBuildPhase;
			buildActionMask = 2147483647;
			files = (
				32EA53641F27E10F0012DFB6 /* HYPMeasurementsInteractionView.m in Sources */,
				32EA53681F27E10F0012DFB6 /* HYPMeasurementsPluginModule.m in Sources */,
				32EA53661F27E10F0012DFB6 /* HYPMeasurementsPlugin.m in Sources */,
			);
			runOnlyForDeploymentPostprocessing = 0;
		};
		320E5D791F27991400C42FC0 /* Sources */ = {
			isa = PBXSourcesBuildPhase;
			buildActionMask = 2147483647;
			files = (
				32EA53721F27E1220012DFB6 /* FontDetailViewAttribute.m in Sources */,
				32EA536A1F27E11C0012DFB6 /* AttributesTabViewController.m in Sources */,
				32EA537A1F27E1220012DFB6 /* HYPAttributesInspectorPluginModule.m in Sources */,
				32EA53761F27E1220012DFB6 /* HYPAttributeInspectorInteractionView.m in Sources */,
				32EA53701F27E11C0012DFB6 /* ViewAttribute.m in Sources */,
				32EA536C1F27E11C0012DFB6 /* HYPFontPickerViewController.m in Sources */,
				32EA53741F27E1220012DFB6 /* HYPMaskDetailViewAttribute.m in Sources */,
				32EA536E1F27E11C0012DFB6 /* HYPMaskDetailViewController.m in Sources */,
				32EA53781F27E1220012DFB6 /* HYPAttributesInspectorPlugin.m in Sources */,
			);
			runOnlyForDeploymentPostprocessing = 0;
		};
		494A74D31F278EB9003F89F7 /* Sources */ = {
			isa = PBXSourcesBuildPhase;
			buildActionMask = 2147483647;
			files = (
				494A74E41F278F12003F89F7 /* HYPSlowAnimationsPluginModule.m in Sources */,
				494A74E11F278F08003F89F7 /* HYPSlowAnimationsPlugin.m in Sources */,
			);
			runOnlyForDeploymentPostprocessing = 0;
		};
		498E346F1EFA0C8000A0BC4E /* Sources */ = {
			isa = PBXSourcesBuildPhase;
			buildActionMask = 2147483647;
			files = (
				498E34E91EFA0D5700A0BC4E /* TabView.m in Sources */,
				498E34D71EFA0D5700A0BC4E /* HYPDebuggingWindow.m in Sources */,
				493DCABB1F01F93900EB5007 /* HYPInAppOverlayContainer.m in Sources */,
				498E34E11EFA0D5700A0BC4E /* HYPPluginExtensionImp.m in Sources */,
				49C6B4E41EFD9B1A00345B78 /* UIWindow+Swizzling.m in Sources */,
				329076461F2270F000D42286 /* (null) in Sources */,
				498E34EE1EFA0D5700A0BC4E /* ToolsTabViewController.m in Sources */,
				49C6B4E01EFC6C6900345B78 /* HYPDebuggingOverlayViewController.m in Sources */,
				498E34DC1EFA0D5700A0BC4E /* HYPListenerContainer.m in Sources */,
				498E34E71EFA0D5700A0BC4E /* TabStack.m in Sources */,
				498E34DF1EFA0D5700A0BC4E /* HYPOverlayContainerImp.m in Sources */,
				498E34EB1EFA0D5700A0BC4E /* InteractionView.m in Sources */,
				493DCABF1F01FBB800EB5007 /* HYPInAppDebuggingWindow.m in Sources */,
			);
			runOnlyForDeploymentPostprocessing = 0;
		};
/* End PBXSourcesBuildPhase section */

/* Begin XCBuildConfiguration section */
		320E5D3B1F2796EE00C42FC0 /* Debug */ = {
			isa = XCBuildConfiguration;
			buildSettings = {
				CODE_SIGN_IDENTITY = "";
				DEFINES_MODULE = YES;
				DEVELOPMENT_TEAM = "";
				DYLIB_COMPATIBILITY_VERSION = 1;
				DYLIB_CURRENT_VERSION = 1;
				DYLIB_INSTALL_NAME_BASE = "@rpath";
				INFOPLIST_FILE = Impeccable/Info.plist;
				INSTALL_PATH = "$(LOCAL_LIBRARY_DIR)/Frameworks";
				IPHONEOS_DEPLOYMENT_TARGET = 9.0;
				LD_RUNPATH_SEARCH_PATHS = "$(inherited) @executable_path/Frameworks @loader_path/Frameworks";
				PRODUCT_BUNDLE_IDENTIFIER = com.WillowTree.Impeccable;
				PRODUCT_NAME = "$(TARGET_NAME)";
				SKIP_INSTALL = YES;
			};
			name = Debug;
		};
		320E5D3C1F2796EE00C42FC0 /* Release */ = {
			isa = XCBuildConfiguration;
			buildSettings = {
				CODE_SIGN_IDENTITY = "";
				DEFINES_MODULE = YES;
				DEVELOPMENT_TEAM = "";
				DYLIB_COMPATIBILITY_VERSION = 1;
				DYLIB_CURRENT_VERSION = 1;
				DYLIB_INSTALL_NAME_BASE = "@rpath";
				INFOPLIST_FILE = Impeccable/Info.plist;
				INSTALL_PATH = "$(LOCAL_LIBRARY_DIR)/Frameworks";
				IPHONEOS_DEPLOYMENT_TARGET = 9.0;
				LD_RUNPATH_SEARCH_PATHS = "$(inherited) @executable_path/Frameworks @loader_path/Frameworks";
				PRODUCT_BUNDLE_IDENTIFIER = com.WillowTree.Impeccable;
				PRODUCT_NAME = "$(TARGET_NAME)";
				SKIP_INSTALL = YES;
			};
			name = Release;
		};
		320E5D581F27983F00C42FC0 /* Debug */ = {
			isa = XCBuildConfiguration;
			buildSettings = {
				CODE_SIGN_IDENTITY = "";
				DEFINES_MODULE = YES;
				DYLIB_COMPATIBILITY_VERSION = 1;
				DYLIB_CURRENT_VERSION = 1;
				DYLIB_INSTALL_NAME_BASE = "@rpath";
				INFOPLIST_FILE = VisualLogger/Info.plist;
				INSTALL_PATH = "$(LOCAL_LIBRARY_DIR)/Frameworks";
				IPHONEOS_DEPLOYMENT_TARGET = 9.0;
				LD_RUNPATH_SEARCH_PATHS = "$(inherited) @executable_path/Frameworks @loader_path/Frameworks";
				PRODUCT_BUNDLE_IDENTIFIER = com.WillowTree.VisualLogger;
				PRODUCT_NAME = "$(TARGET_NAME)";
				SKIP_INSTALL = YES;
			};
			name = Debug;
		};
		320E5D591F27983F00C42FC0 /* Release */ = {
			isa = XCBuildConfiguration;
			buildSettings = {
				CODE_SIGN_IDENTITY = "";
				DEFINES_MODULE = YES;
				DYLIB_COMPATIBILITY_VERSION = 1;
				DYLIB_CURRENT_VERSION = 1;
				DYLIB_INSTALL_NAME_BASE = "@rpath";
				INFOPLIST_FILE = VisualLogger/Info.plist;
				INSTALL_PATH = "$(LOCAL_LIBRARY_DIR)/Frameworks";
				IPHONEOS_DEPLOYMENT_TARGET = 9.0;
				LD_RUNPATH_SEARCH_PATHS = "$(inherited) @executable_path/Frameworks @loader_path/Frameworks";
				PRODUCT_BUNDLE_IDENTIFIER = com.WillowTree.VisualLogger;
				PRODUCT_NAME = "$(TARGET_NAME)";
				SKIP_INSTALL = YES;
			};
			name = Release;
		};
		320E5D701F27988500C42FC0 /* Debug */ = {
			isa = XCBuildConfiguration;
			buildSettings = {
				CODE_SIGN_IDENTITY = "";
				DEFINES_MODULE = YES;
				DYLIB_COMPATIBILITY_VERSION = 1;
				DYLIB_CURRENT_VERSION = 1;
				DYLIB_INSTALL_NAME_BASE = "@rpath";
				INFOPLIST_FILE = Measurements/Info.plist;
				INSTALL_PATH = "$(LOCAL_LIBRARY_DIR)/Frameworks";
				IPHONEOS_DEPLOYMENT_TARGET = 9.0;
				LD_RUNPATH_SEARCH_PATHS = "$(inherited) @executable_path/Frameworks @loader_path/Frameworks";
				PRODUCT_BUNDLE_IDENTIFIER = com.WillowTree.Measurements;
				PRODUCT_NAME = "$(TARGET_NAME)";
				SKIP_INSTALL = YES;
			};
			name = Debug;
		};
		320E5D711F27988500C42FC0 /* Release */ = {
			isa = XCBuildConfiguration;
			buildSettings = {
				CODE_SIGN_IDENTITY = "";
				DEFINES_MODULE = YES;
				DYLIB_COMPATIBILITY_VERSION = 1;
				DYLIB_CURRENT_VERSION = 1;
				DYLIB_INSTALL_NAME_BASE = "@rpath";
				INFOPLIST_FILE = Measurements/Info.plist;
				INSTALL_PATH = "$(LOCAL_LIBRARY_DIR)/Frameworks";
				IPHONEOS_DEPLOYMENT_TARGET = 9.0;
				LD_RUNPATH_SEARCH_PATHS = "$(inherited) @executable_path/Frameworks @loader_path/Frameworks";
				PRODUCT_BUNDLE_IDENTIFIER = com.WillowTree.Measurements;
				PRODUCT_NAME = "$(TARGET_NAME)";
				SKIP_INSTALL = YES;
			};
			name = Release;
		};
		320E5D841F27991400C42FC0 /* Debug */ = {
			isa = XCBuildConfiguration;
			buildSettings = {
				CODE_SIGN_IDENTITY = "";
				DEFINES_MODULE = YES;
				DYLIB_COMPATIBILITY_VERSION = 1;
				DYLIB_CURRENT_VERSION = 1;
				DYLIB_INSTALL_NAME_BASE = "@rpath";
				INFOPLIST_FILE = AttributesInspector/Info.plist;
				INSTALL_PATH = "$(LOCAL_LIBRARY_DIR)/Frameworks";
				IPHONEOS_DEPLOYMENT_TARGET = 9.0;
				LD_RUNPATH_SEARCH_PATHS = "$(inherited) @executable_path/Frameworks @loader_path/Frameworks";
				PRODUCT_BUNDLE_IDENTIFIER = com.WillowTree.AttributesInspector;
				PRODUCT_NAME = "$(TARGET_NAME)";
				SKIP_INSTALL = YES;
			};
			name = Debug;
		};
		320E5D851F27991400C42FC0 /* Release */ = {
			isa = XCBuildConfiguration;
			buildSettings = {
				CODE_SIGN_IDENTITY = "";
				DEFINES_MODULE = YES;
				DYLIB_COMPATIBILITY_VERSION = 1;
				DYLIB_CURRENT_VERSION = 1;
				DYLIB_INSTALL_NAME_BASE = "@rpath";
				INFOPLIST_FILE = AttributesInspector/Info.plist;
				INSTALL_PATH = "$(LOCAL_LIBRARY_DIR)/Frameworks";
				IPHONEOS_DEPLOYMENT_TARGET = 9.0;
				LD_RUNPATH_SEARCH_PATHS = "$(inherited) @executable_path/Frameworks @loader_path/Frameworks";
				PRODUCT_BUNDLE_IDENTIFIER = com.WillowTree.AttributesInspector;
				PRODUCT_NAME = "$(TARGET_NAME)";
				SKIP_INSTALL = YES;
			};
			name = Release;
		};
		494A74DD1F278EB9003F89F7 /* Debug */ = {
			isa = XCBuildConfiguration;
			buildSettings = {
				CODE_SIGN_IDENTITY = "";
				DEFINES_MODULE = YES;
				DYLIB_COMPATIBILITY_VERSION = 1;
				DYLIB_CURRENT_VERSION = 1;
				DYLIB_INSTALL_NAME_BASE = "@rpath";
				INFOPLIST_FILE = SlowAnimations/Info.plist;
				INSTALL_PATH = "$(LOCAL_LIBRARY_DIR)/Frameworks";
				IPHONEOS_DEPLOYMENT_TARGET = 9.0;
				LD_RUNPATH_SEARCH_PATHS = "$(inherited) @executable_path/Frameworks @loader_path/Frameworks";
				PRODUCT_BUNDLE_IDENTIFIER = com.WillowTree.SlowAnimations;
				PRODUCT_NAME = "$(TARGET_NAME)";
				SKIP_INSTALL = YES;
			};
			name = Debug;
		};
		494A74DE1F278EB9003F89F7 /* Release */ = {
			isa = XCBuildConfiguration;
			buildSettings = {
				CODE_SIGN_IDENTITY = "";
				DEFINES_MODULE = YES;
				DYLIB_COMPATIBILITY_VERSION = 1;
				DYLIB_CURRENT_VERSION = 1;
				DYLIB_INSTALL_NAME_BASE = "@rpath";
				INFOPLIST_FILE = SlowAnimations/Info.plist;
				INSTALL_PATH = "$(LOCAL_LIBRARY_DIR)/Frameworks";
				IPHONEOS_DEPLOYMENT_TARGET = 9.0;
				LD_RUNPATH_SEARCH_PATHS = "$(inherited) @executable_path/Frameworks @loader_path/Frameworks";
				PRODUCT_BUNDLE_IDENTIFIER = com.WillowTree.SlowAnimations;
				PRODUCT_NAME = "$(TARGET_NAME)";
				SKIP_INSTALL = YES;
			};
			name = Release;
		};
		498E347A1EFA0C8000A0BC4E /* Debug */ = {
			isa = XCBuildConfiguration;
			buildSettings = {
				ALWAYS_SEARCH_USER_PATHS = NO;
				CLANG_ANALYZER_NONNULL = YES;
				CLANG_ANALYZER_NUMBER_OBJECT_CONVERSION = YES_AGGRESSIVE;
				CLANG_CXX_LANGUAGE_STANDARD = "gnu++0x";
				CLANG_CXX_LIBRARY = "libc++";
				CLANG_ENABLE_MODULES = YES;
				CLANG_ENABLE_OBJC_ARC = YES;
				CLANG_WARN_BOOL_CONVERSION = YES;
				CLANG_WARN_CONSTANT_CONVERSION = YES;
				CLANG_WARN_DIRECT_OBJC_ISA_USAGE = YES_ERROR;
				CLANG_WARN_DOCUMENTATION_COMMENTS = YES;
				CLANG_WARN_EMPTY_BODY = YES;
				CLANG_WARN_ENUM_CONVERSION = YES;
				CLANG_WARN_INFINITE_RECURSION = YES;
				CLANG_WARN_INT_CONVERSION = YES;
				CLANG_WARN_OBJC_ROOT_CLASS = YES_ERROR;
				CLANG_WARN_SUSPICIOUS_MOVE = YES;
				CLANG_WARN_UNREACHABLE_CODE = YES;
				CLANG_WARN__DUPLICATE_METHOD_MATCH = YES;
				"CODE_SIGN_IDENTITY[sdk=iphoneos*]" = "iPhone Developer";
				COPY_PHASE_STRIP = NO;
				CURRENT_PROJECT_VERSION = 1;
				DEBUG_INFORMATION_FORMAT = dwarf;
				ENABLE_STRICT_OBJC_MSGSEND = YES;
				ENABLE_TESTABILITY = YES;
				GCC_C_LANGUAGE_STANDARD = gnu99;
				GCC_DYNAMIC_NO_PIC = NO;
				GCC_NO_COMMON_BLOCKS = YES;
				GCC_OPTIMIZATION_LEVEL = 0;
				GCC_PREPROCESSOR_DEFINITIONS = (
					"DEBUG=1",
					"$(inherited)",
				);
				GCC_WARN_64_TO_32_BIT_CONVERSION = YES;
				GCC_WARN_ABOUT_RETURN_TYPE = YES_ERROR;
				GCC_WARN_UNDECLARED_SELECTOR = YES;
				GCC_WARN_UNINITIALIZED_AUTOS = YES_AGGRESSIVE;
				GCC_WARN_UNUSED_FUNCTION = YES;
				GCC_WARN_UNUSED_VARIABLE = YES;
				IPHONEOS_DEPLOYMENT_TARGET = 9.0;
				MTL_ENABLE_DEBUG_INFO = YES;
				ONLY_ACTIVE_ARCH = YES;
				SDKROOT = iphoneos;
				TARGETED_DEVICE_FAMILY = "1,2";
				VERSIONING_SYSTEM = "apple-generic";
				VERSION_INFO_PREFIX = "";
			};
			name = Debug;
		};
		498E347B1EFA0C8000A0BC4E /* Release */ = {
			isa = XCBuildConfiguration;
			buildSettings = {
				ALWAYS_SEARCH_USER_PATHS = NO;
				CLANG_ANALYZER_NONNULL = YES;
				CLANG_ANALYZER_NUMBER_OBJECT_CONVERSION = YES_AGGRESSIVE;
				CLANG_CXX_LANGUAGE_STANDARD = "gnu++0x";
				CLANG_CXX_LIBRARY = "libc++";
				CLANG_ENABLE_MODULES = YES;
				CLANG_ENABLE_OBJC_ARC = YES;
				CLANG_WARN_BOOL_CONVERSION = YES;
				CLANG_WARN_CONSTANT_CONVERSION = YES;
				CLANG_WARN_DIRECT_OBJC_ISA_USAGE = YES_ERROR;
				CLANG_WARN_DOCUMENTATION_COMMENTS = YES;
				CLANG_WARN_EMPTY_BODY = YES;
				CLANG_WARN_ENUM_CONVERSION = YES;
				CLANG_WARN_INFINITE_RECURSION = YES;
				CLANG_WARN_INT_CONVERSION = YES;
				CLANG_WARN_OBJC_ROOT_CLASS = YES_ERROR;
				CLANG_WARN_SUSPICIOUS_MOVE = YES;
				CLANG_WARN_UNREACHABLE_CODE = YES;
				CLANG_WARN__DUPLICATE_METHOD_MATCH = YES;
				"CODE_SIGN_IDENTITY[sdk=iphoneos*]" = "iPhone Developer";
				COPY_PHASE_STRIP = NO;
				CURRENT_PROJECT_VERSION = 1;
				DEBUG_INFORMATION_FORMAT = "dwarf-with-dsym";
				ENABLE_NS_ASSERTIONS = NO;
				ENABLE_STRICT_OBJC_MSGSEND = YES;
				GCC_C_LANGUAGE_STANDARD = gnu99;
				GCC_NO_COMMON_BLOCKS = YES;
				GCC_WARN_64_TO_32_BIT_CONVERSION = YES;
				GCC_WARN_ABOUT_RETURN_TYPE = YES_ERROR;
				GCC_WARN_UNDECLARED_SELECTOR = YES;
				GCC_WARN_UNINITIALIZED_AUTOS = YES_AGGRESSIVE;
				GCC_WARN_UNUSED_FUNCTION = YES;
				GCC_WARN_UNUSED_VARIABLE = YES;
				IPHONEOS_DEPLOYMENT_TARGET = 9.0;
				MTL_ENABLE_DEBUG_INFO = NO;
				SDKROOT = iphoneos;
				TARGETED_DEVICE_FAMILY = "1,2";
				VALIDATE_PRODUCT = YES;
				VERSIONING_SYSTEM = "apple-generic";
				VERSION_INFO_PREFIX = "";
			};
			name = Release;
		};
		498E347D1EFA0C8000A0BC4E /* Debug */ = {
			isa = XCBuildConfiguration;
			buildSettings = {
				CODE_SIGN_IDENTITY = "";
				DEFINES_MODULE = YES;
				DYLIB_COMPATIBILITY_VERSION = 1;
				DYLIB_CURRENT_VERSION = 1;
				DYLIB_INSTALL_NAME_BASE = "@rpath";
				INFOPLIST_FILE = HyperionCore/Info.plist;
				INSTALL_PATH = "$(LOCAL_LIBRARY_DIR)/Frameworks";
				IPHONEOS_DEPLOYMENT_TARGET = 9.0;
				LD_RUNPATH_SEARCH_PATHS = "$(inherited) @executable_path/Frameworks @loader_path/Frameworks";
				PRODUCT_BUNDLE_IDENTIFIER = com.WillowTree.HyperionCore;
				PRODUCT_NAME = "$(TARGET_NAME)";
				SKIP_INSTALL = YES;
			};
			name = Debug;
		};
		498E347E1EFA0C8000A0BC4E /* Release */ = {
			isa = XCBuildConfiguration;
			buildSettings = {
				CODE_SIGN_IDENTITY = "";
				DEFINES_MODULE = YES;
				DYLIB_COMPATIBILITY_VERSION = 1;
				DYLIB_CURRENT_VERSION = 1;
				DYLIB_INSTALL_NAME_BASE = "@rpath";
				INFOPLIST_FILE = HyperionCore/Info.plist;
				INSTALL_PATH = "$(LOCAL_LIBRARY_DIR)/Frameworks";
				IPHONEOS_DEPLOYMENT_TARGET = 9.0;
				LD_RUNPATH_SEARCH_PATHS = "$(inherited) @executable_path/Frameworks @loader_path/Frameworks";
				PRODUCT_BUNDLE_IDENTIFIER = com.WillowTree.HyperionCore;
				PRODUCT_NAME = "$(TARGET_NAME)";
				SKIP_INSTALL = YES;
			};
			name = Release;
		};
/* End XCBuildConfiguration section */

/* Begin XCConfigurationList section */
		320E5D3D1F2796EE00C42FC0 /* Build configuration list for PBXNativeTarget "Impeccable" */ = {
			isa = XCConfigurationList;
			buildConfigurations = (
				320E5D3B1F2796EE00C42FC0 /* Debug */,
				320E5D3C1F2796EE00C42FC0 /* Release */,
			);
			defaultConfigurationIsVisible = 0;
			defaultConfigurationName = Release;
		};
		320E5D571F27983F00C42FC0 /* Build configuration list for PBXNativeTarget "VisualLogger" */ = {
			isa = XCConfigurationList;
			buildConfigurations = (
				320E5D581F27983F00C42FC0 /* Debug */,
				320E5D591F27983F00C42FC0 /* Release */,
			);
			defaultConfigurationIsVisible = 0;
			defaultConfigurationName = Release;
		};
		320E5D6F1F27988500C42FC0 /* Build configuration list for PBXNativeTarget "Measurements" */ = {
			isa = XCConfigurationList;
			buildConfigurations = (
				320E5D701F27988500C42FC0 /* Debug */,
				320E5D711F27988500C42FC0 /* Release */,
			);
			defaultConfigurationIsVisible = 0;
			defaultConfigurationName = Release;
		};
		320E5D831F27991400C42FC0 /* Build configuration list for PBXNativeTarget "AttributesInspector" */ = {
			isa = XCConfigurationList;
			buildConfigurations = (
				320E5D841F27991400C42FC0 /* Debug */,
				320E5D851F27991400C42FC0 /* Release */,
			);
			defaultConfigurationIsVisible = 0;
			defaultConfigurationName = Release;
		};
		494A74DF1F278EB9003F89F7 /* Build configuration list for PBXNativeTarget "SlowAnimations" */ = {
			isa = XCConfigurationList;
			buildConfigurations = (
				494A74DD1F278EB9003F89F7 /* Debug */,
				494A74DE1F278EB9003F89F7 /* Release */,
			);
			defaultConfigurationIsVisible = 0;
			defaultConfigurationName = Release;
		};
		498E346E1EFA0C8000A0BC4E /* Build configuration list for PBXProject "HyperionCore" */ = {
			isa = XCConfigurationList;
			buildConfigurations = (
				498E347A1EFA0C8000A0BC4E /* Debug */,
				498E347B1EFA0C8000A0BC4E /* Release */,
			);
			defaultConfigurationIsVisible = 0;
			defaultConfigurationName = Release;
		};
		498E347C1EFA0C8000A0BC4E /* Build configuration list for PBXNativeTarget "HyperionCore" */ = {
			isa = XCConfigurationList;
			buildConfigurations = (
				498E347D1EFA0C8000A0BC4E /* Debug */,
				498E347E1EFA0C8000A0BC4E /* Release */,
			);
			defaultConfigurationIsVisible = 0;
			defaultConfigurationName = Release;
		};
/* End XCConfigurationList section */
	};
	rootObject = 498E346B1EFA0C8000A0BC4E /* Project object */;
}
